
Microsoft Visual Studio Solution File, Format Version 12.00
# Visual Studio Version 16
VisualStudioVersion = 16.0.31424.327
MinimumVisualStudioVersion = 10.0.40219.1
Project("{8BC9CEB8-8B4A-11D0-8D11-00A0C91BC942}") = "P100 封装-案例-设计学生类", "P100 封装-案例-设计学生类\P100 封装-案例-设计学生类.vcxproj", "{87FC5082-7628-45BE-BC83-ABBDB154D5D8}"
EndProject
Project("{8BC9CEB8-8B4A-11D0-8D11-00A0C91BC942}") = "P072-P083 通讯录管理系统", "P072-P083 通讯录管理系统\P072-P083 通讯录管理系统.vcxproj", "{7654709D-6AAF-4708-A831-441E5DA7917B}"
EndProject
Project("{8BC9CEB8-8B4A-11D0-8D11-00A0C91BC942}") = "P085 内存四区-全局区", "P085 内存四区-全局区\P085 内存四区-全局区.vcxproj", "{46DE294C-3308-4D65-8CAE-71E3CEBEC729}"
EndProject
Project("{8BC9CEB8-8B4A-11D0-8D11-00A0C91BC942}") = "P086 内存四区-栈区", "P086 内存四区-栈区\P086 内存四区-栈区.vcxproj", "{E9ACCB30-60BA-4561-B5CE-5C8F0C9DD403}"
EndProject
Project("{8BC9CEB8-8B4A-11D0-8D11-00A0C91BC942}") = "P087 内存四区-堆区", "P087 内存四区-堆区\P087 内存四区-堆区.vcxproj", "{B25176C6-33DD-40A7-84F9-4975B35F1076}"
EndProject
Project("{8BC9CEB8-8B4A-11D0-8D11-00A0C91BC942}") = "P088 new运算符", "P088 new运算符\P088 new运算符.vcxproj", "{FBAF47B6-67CC-4181-BB7C-82EBDEB7F103}"
EndProject
Project("{8BC9CEB8-8B4A-11D0-8D11-00A0C91BC942}") = "P090 引用的注意事项", "P090 引用的注意事项\P090 引用的注意事项.vcxproj", "{B5543AA0-0B44-4C4D-BF26-BF764F8AB1C2}"
EndProject
Project("{8BC9CEB8-8B4A-11D0-8D11-00A0C91BC942}") = "P091 引用做函数参数", "P091 引用做函数参数\P091 引用做函数参数.vcxproj", "{572783F2-4360-4A5D-94E7-2C97E41DF011}"
EndProject
Project("{8BC9CEB8-8B4A-11D0-8D11-00A0C91BC942}") = "P092 引用做函数返回值", "P092 引用做函数返回值\P092 引用做函数返回值.vcxproj", "{415CD1E1-7607-4F72-A00D-1A2BE6DA0E83}"
EndProject
Project("{8BC9CEB8-8B4A-11D0-8D11-00A0C91BC942}") = "P093 引用的本质", "P093 引用的本质\P093 引用的本质.vcxproj", "{A1AAA4F3-E422-44CC-BFFA-13F36F4D1406}"
EndProject
Project("{8BC9CEB8-8B4A-11D0-8D11-00A0C91BC942}") = "P089 引用的基本语法", "P089 引用的基本语法\P089 引用的基本语法.vcxproj", "{7AF4277E-8F3E-4239-8FC5-E783C2AED34F}"
EndProject
Project("{8BC9CEB8-8B4A-11D0-8D11-00A0C91BC942}") = "P094 常量引用", "P094 常量引用\P094 常量引用.vcxproj", "{66D448E9-F49D-481B-9CF7-5929277B29EA}"
EndProject
Project("{8BC9CEB8-8B4A-11D0-8D11-00A0C91BC942}") = "P095 函数的默认参数", "P095 函数的默认参数\P095 函数的默认参数.vcxproj", "{78A84C63-14B4-4547-923B-4056F41AD556}"
EndProject
Project("{8BC9CEB8-8B4A-11D0-8D11-00A0C91BC942}") = "P096 函数的占位参数", "P096 函数的占位参数\P096 函数的占位参数.vcxproj", "{F4DA2443-BC9D-4C92-82EC-175B698F4641}"
EndProject
Project("{8BC9CEB8-8B4A-11D0-8D11-00A0C91BC942}") = "P097-P098 函数重载", "P097-P098 函数重载\P097-P098 函数重载.vcxproj", "{6D4C1372-6A5A-4809-A531-256EA469051B}"
EndProject
Project("{8BC9CEB8-8B4A-11D0-8D11-00A0C91BC942}") = "P099 封装-属性和行为作为整体", "P099 封装-属性和行为作为整体\P099 封装-属性和行为作为整体.vcxproj", "{9C1BFEB7-2E61-43B1-BD66-43B75CEDE7FB}"
EndProject
Project("{8BC9CEB8-8B4A-11D0-8D11-00A0C91BC942}") = "P101 封装-访问权限", "P101 封装-访问权限\P101 封装-访问权限.vcxproj", "{E61218CE-0EF9-442D-9462-C46F7DC68EDC}"
EndProject
Project("{8BC9CEB8-8B4A-11D0-8D11-00A0C91BC942}") = "P102 封装-C++中class和struct的区别", "P102 封装-C++中class和struct的区别\P102 封装-C++中class和struct的区别.vcxproj", "{054EF15F-3481-4284-904E-D3D1B804F40B}"
EndProject
Project("{8BC9CEB8-8B4A-11D0-8D11-00A0C91BC942}") = "P103 封装-成员属性私有化", "P103 封装-成员属性私有化\P103 封装-成员属性私有化.vcxproj", "{001AB288-8E5A-497E-86B4-BA5369B807ED}"
EndProject
Project("{8BC9CEB8-8B4A-11D0-8D11-00A0C91BC942}") = "P104 封装-设计案例1-立方体类", "P104 封装-设计案例1-立方体类\P104 封装-设计案例1-立方体类.vcxproj", "{B51AEA03-C025-44C7-91EB-548CD9C84D73}"
EndProject
Project("{8BC9CEB8-8B4A-11D0-8D11-00A0C91BC942}") = "P105 封装-设计案例2-点和圆的关系", "P105 封装-设计案例2-点和圆的关系\P105 封装-设计案例2-点和圆的关系.vcxproj", "{4A50A7FF-6D62-48E6-9D08-A385EB2283BE}"
EndProject
Project("{8BC9CEB8-8B4A-11D0-8D11-00A0C91BC942}") = "P106 对象特性-构造函数和析构函数", "P106 对象特性-构造函数和析构函数\P106 对象特性-构造函数和析构函数.vcxproj", "{BD00841D-5B76-4772-8923-FF36DC065E3A}"
EndProject
Project("{8BC9CEB8-8B4A-11D0-8D11-00A0C91BC942}") = "P107 对象特性-构造函数的分类及调用", "P107 对象特性-构造函数的分类及调用\P107 对象特性-构造函数的分类及调用.vcxproj", "{C1DE1D6F-5AAB-4B01-B372-01CAC0217512}"
EndProject
Project("{8BC9CEB8-8B4A-11D0-8D11-00A0C91BC942}") = "P108 对象特性-拷贝构造函数调用时机", "P108 对象特性-拷贝构造函数调用时机\P108 对象特性-拷贝构造函数调用时机.vcxproj", "{E518D8E0-C1DD-469B-A511-B822A28C8DDB}"
EndProject
Project("{8BC9CEB8-8B4A-11D0-8D11-00A0C91BC942}") = "P109 对象特性-构造函数调用规则", "P109 对象特性-构造函数调用规则\P109 对象特性-构造函数调用规则.vcxproj", "{FF6C1A40-5C0B-4C36-8E59-44523FDCEA4E}"
EndProject
Project("{8BC9CEB8-8B4A-11D0-8D11-00A0C91BC942}") = "P110 对象特性-深拷贝与浅拷贝", "P110 对象特性-深拷贝与浅拷贝\P110 对象特性-深拷贝与浅拷贝.vcxproj", "{4551F5AD-762C-44A7-AC03-58500F0EF5AB}"
EndProject
Project("{8BC9CEB8-8B4A-11D0-8D11-00A0C91BC942}") = "P111 对象特性-初始化列表", "P111 对象特性-初始化列表\P111 对象特性-初始化列表.vcxproj", "{7931E8CB-A712-4EC9-91B7-19CA60B1E181}"
EndProject
Project("{8BC9CEB8-8B4A-11D0-8D11-00A0C91BC942}") = "P112 对象特性-类对象作为类成员", "P112 对象特性-类对象作为类成员\P112 对象特性-类对象作为类成员.vcxproj", "{43A88CE6-3C86-4949-A431-089308839745}"
EndProject
Project("{8BC9CEB8-8B4A-11D0-8D11-00A0C91BC942}") = "P113 对象特性-静态成员-静态成员函数", "P113 对象特性-静态成员-静态成员函数\P113 对象特性-静态成员-静态成员函数.vcxproj", "{E1C8ADD7-7310-4CEB-81DE-DBACDF343CFA}"
EndProject
Project("{8BC9CEB8-8B4A-11D0-8D11-00A0C91BC942}") = "P114 对象特性-成员变量和成员函数分开存储", "P114 对象特性-成员变量和成员函数分开存储\P114 对象特性-成员变量和成员函数分开存储.vcxproj", "{88521D18-0A54-4342-BAFA-336664C6C448}"
EndProject
Project("{8BC9CEB8-8B4A-11D0-8D11-00A0C91BC942}") = "P115 对象特性-this指针的用途", "P115 对象特性-this指针的用途\P115 对象特性-this指针的用途.vcxproj", "{2F9F6C4D-0E5B-461E-B146-2E8A39B94BD1}"
EndProject
Project("{8BC9CEB8-8B4A-11D0-8D11-00A0C91BC942}") = "P116 对象特性-空指针访问成员函数", "P116 对象特性-空指针访问成员函数\P116 对象特性-空指针访问成员函数.vcxproj", "{4EA925DB-07B5-4FBE-A934-9021DB566936}"
EndProject
Project("{8BC9CEB8-8B4A-11D0-8D11-00A0C91BC942}") = "P117 对象特性-const修饰成员函数", "P117 对象特性-const修饰成员函数\P117 对象特性-const修饰成员函数.vcxproj", "{9965A630-18EF-40D4-BF55-7C3DF502470C}"
EndProject
Project("{8BC9CEB8-8B4A-11D0-8D11-00A0C91BC942}") = "P118 友元-全局函数做友元", "P118 友元-全局函数做友元\P118 友元-全局函数做友元.vcxproj", "{550156A1-2BD5-4457-BA70-86B9DC31B974}"
EndProject
Project("{8BC9CEB8-8B4A-11D0-8D11-00A0C91BC942}") = "P119 友元-友元类", "P119 友元-友元类\P119 友元-友元类.vcxproj", "{6E6B1B94-62AE-4028-BEB7-9198722F601A}"
EndProject
Project("{8BC9CEB8-8B4A-11D0-8D11-00A0C91BC942}") = "P120 友元-成员函数做友元", "P120 友元-成员函数做友元\P120 友元-成员函数做友元.vcxproj", "{A90E76ED-F4E5-4D68-B48F-D640D3DB18AB}"
EndProject
Project("{8BC9CEB8-8B4A-11D0-8D11-00A0C91BC942}") = "P121 运算符重载-加号运算符重载", "P121 运算符重载-加号运算符重载\P121 运算符重载-加号运算符重载.vcxproj", "{439F4000-2D07-4AC1-9EF7-517E08988EF3}"
EndProject
Project("{8BC9CEB8-8B4A-11D0-8D11-00A0C91BC942}") = "P122 运算符重载-左移运算符重载", "P122 运算符重载-左移运算符重载\P122 运算符重载-左移运算符重载.vcxproj", "{DC1A8919-9734-4167-80C8-8562CD092D11}"
EndProject
Project("{8BC9CEB8-8B4A-11D0-8D11-00A0C91BC942}") = "P123 运算符重载-递增运算符重载", "P123 运算符重载-递增运算符重载\P123 运算符重载-递增运算符重载.vcxproj", "{92FD0AC1-3B8D-4A7B-A1E1-C5BFC3C0C9A7}"
EndProject
Project("{8BC9CEB8-8B4A-11D0-8D11-00A0C91BC942}") = "P124 运算符重载-赋值运算符重载", "P124 运算符重载-赋值运算符重载\P124 运算符重载-赋值运算符重载.vcxproj", "{F57D08EA-BC11-4EE6-9328-2777AAE15DFF}"
EndProject
Project("{8BC9CEB8-8B4A-11D0-8D11-00A0C91BC942}") = "P125 运算符重载-关系运算符重载", "P125 运算符重载-关系运算符重载\P125 运算符重载-关系运算符重载.vcxproj", "{484318CD-4CE4-4240-BD61-ACD2090C1EEC}"
EndProject
Project("{8BC9CEB8-8B4A-11D0-8D11-00A0C91BC942}") = "P126 运算符重载-函数调用运算符重载", "P126 运算符重载-函数调用运算符重载\P126 运算符重载-函数调用运算符重载.vcxproj", "{7BECE9A1-0CEF-47FF-A419-15346157F108}"
EndProject
Project("{8BC9CEB8-8B4A-11D0-8D11-00A0C91BC942}") = "P127 继承-基本语法", "P127 继承-基本语法\P127 继承-基本语法.vcxproj", "{9AAADE07-FC08-4C77-8E94-1187308A3BF9}"
EndProject
Project("{8BC9CEB8-8B4A-11D0-8D11-00A0C91BC942}") = "P128 继承-继承方式", "P128 继承-继承方式\P128 继承-继承方式.vcxproj", "{3799F090-0E95-4CEB-BC7B-E7E709A1EAD5}"
EndProject
Project("{8BC9CEB8-8B4A-11D0-8D11-00A0C91BC942}") = "P129 继承-继承中的对象模型", "P129 继承-继承中的对象模型\P129 继承-继承中的对象模型.vcxproj", "{2AE61002-E779-47B6-B5F9-4610EBE9B11B}"
EndProject
Project("{8BC9CEB8-8B4A-11D0-8D11-00A0C91BC942}") = "P130 继承-继承中的构造和析构顺序", "P130 继承-继承中的构造和析构顺序\P130 继承-继承中的构造和析构顺序.vcxproj", "{5C7E96A2-AF46-4F35-942E-6487E72363AE}"
EndProject
Project("{8BC9CEB8-8B4A-11D0-8D11-00A0C91BC942}") = "P131 继承-继承中同名成员处理方式", "P131 继承-继承中同名成员处理方式\P131 继承-继承中同名成员处理方式.vcxproj", "{445A5874-EB8A-4473-BBA0-29EAE04BEEE6}"
EndProject
Project("{8BC9CEB8-8B4A-11D0-8D11-00A0C91BC942}") = "P132 继承-继承同名静态成员处理方式", "P132 继承-继承同名静态成员处理方式\P132 继承-继承同名静态成员处理方式.vcxproj", "{8A8BA84B-86FE-45E3-8D19-CAD83064C327}"
EndProject
Project("{8BC9CEB8-8B4A-11D0-8D11-00A0C91BC942}") = "P133 继承-多继承语法", "P133 继承-多继承语法\P133 继承-多继承语法.vcxproj", "{C198AB53-62FA-4CBA-9428-434CAA2B1F32}"
EndProject
Project("{8BC9CEB8-8B4A-11D0-8D11-00A0C91BC942}") = "P134 继承-菱形继承", "P134 继承-菱形继承\P134 继承-菱形继承.vcxproj", "{630C07F9-8BB0-4FC9-91EE-9A26218F8F12}"
EndProject
Project("{8BC9CEB8-8B4A-11D0-8D11-00A0C91BC942}") = "P135 多态-多态的基本概念", "P135 多态-多态的基本概念\P135 多态-多态的基本概念.vcxproj", "{AF77ADEF-7051-49AC-B29C-19CC861CA22A}"
EndProject
Project("{8BC9CEB8-8B4A-11D0-8D11-00A0C91BC942}") = "P137 多态-案例-计算器类", "P137 多态-案例-计算器类\P137 多态-案例-计算器类.vcxproj", "{1E0E1368-4F3F-49F7-B607-81A1D9B87AC0}"
EndProject
Project("{8BC9CEB8-8B4A-11D0-8D11-00A0C91BC942}") = "P138 多态-纯虚函数和抽象类", "P138 多态-纯虚函数和抽象类\P138 多态-纯虚函数和抽象类.vcxproj", "{8F0090D4-BC8A-408C-86B0-DDFBC9AE02C8}"
EndProject
Project("{8BC9CEB8-8B4A-11D0-8D11-00A0C91BC942}") = "P139 多态-案例-制作饮品", "P139 多态-案例-制作饮品\P139 多态-案例-制作饮品.vcxproj", "{86674011-249A-4C3E-80E6-7D0755D7F778}"
EndProject
Project("{8BC9CEB8-8B4A-11D0-8D11-00A0C91BC942}") = "P140 多态-虚析构和纯虚析构", "P140 多态-虚析构和纯虚析构\P140 多态-虚析构和纯虚析构.vcxproj", "{A60B38AD-EB33-484C-BE4E-2A63C31FFFD1}"
EndProject
Project("{8BC9CEB8-8B4A-11D0-8D11-00A0C91BC942}") = "P141 多态-案例-电脑组装", "P141 多态-案例-电脑组装\P141 多态-案例-电脑组装.vcxproj", "{8211BE9D-29DF-47F3-8E20-941D89EF981B}"
EndProject
Project("{8BC9CEB8-8B4A-11D0-8D11-00A0C91BC942}") = "P143 文件操作-文本文件-写文件", "P143 文件操作-文本文件-写文件\P143 文件操作-文本文件-写文件.vcxproj", "{64508FD4-7328-460C-B98F-2069E39D10DB}"
EndProject
Project("{8BC9CEB8-8B4A-11D0-8D11-00A0C91BC942}") = "P144 文件操作-文本文件-读文件", "P144 文件操作-文本文件-读文件\P144 文件操作-文本文件-读文件.vcxproj", "{E4F924AF-6759-476A-B684-FAEBDF268211}"
EndProject
Project("{8BC9CEB8-8B4A-11D0-8D11-00A0C91BC942}") = "P145 文件操作-二进制文件-写文件", "P145 文件操作-二进制文件-写文件\P145 文件操作-二进制文件-写文件.vcxproj", "{240C5860-7B13-44A1-BFBB-146C0896469E}"
EndProject
Project("{8BC9CEB8-8B4A-11D0-8D11-00A0C91BC942}") = "P146 文件操作-二进制文件-读文件", "P146 文件操作-二进制文件-读文件\P146 文件操作-二进制文件-读文件.vcxproj", "{FA019067-B702-4A74-80B6-D53EAA303867}"
EndProject
Project("{8BC9CEB8-8B4A-11D0-8D11-00A0C91BC942}") = "P147-P166 职工管理系统", "P147-P166 职工管理系统\P147-P166 职工管理系统.vcxproj", "{B694B805-75FC-4A59-9E34-4BB82E31ACED}"
EndProject
Project("{8BC9CEB8-8B4A-11D0-8D11-00A0C91BC942}") = "P168 模板-函数模板基本语法", "P168 模板-函数模板基本语法\P168 模板-函数模板基本语法.vcxproj", "{2CE678E4-0603-4AD1-80F0-BE2E559190C0}"
EndProject
Project("{8BC9CEB8-8B4A-11D0-8D11-00A0C91BC942}") = "P169 模板-函数模板注意事项", "P169 模板-函数模板注意事项\P169 模板-函数模板注意事项.vcxproj", "{9FD7DE3B-FD92-4DBE-9AE7-5BB12B8C4ED2}"
EndProject
Project("{8BC9CEB8-8B4A-11D0-8D11-00A0C91BC942}") = "P170 模板-函数模板案例-数组排序", "P170 模板-函数模板案例-数组排序\P170 模板-函数模板案例-数组排序.vcxproj", "{1D7CB008-0485-464C-95E3-3E08F9760E82}"
EndProject
Project("{8BC9CEB8-8B4A-11D0-8D11-00A0C91BC942}") = "P171 模板-普通函数与函数模板区别", "P171 模板-普通函数与函数模板区别\P171 模板-普通函数与函数模板区别.vcxproj", "{28E26F17-1C09-4DC6-B106-BBF0D62418AF}"
EndProject
Project("{8BC9CEB8-8B4A-11D0-8D11-00A0C91BC942}") = "P172 模板-普通函数与函数模板调用规则", "P172 模板-普通函数与函数模板调用规则\P172 模板-普通函数与函数模板调用规则.vcxproj", "{DE78C1F0-2373-4417-8623-1B8EE907CB4A}"
EndProject
Project("{8BC9CEB8-8B4A-11D0-8D11-00A0C91BC942}") = "P173 模板-模板的局限性", "P173 模板-模板的局限性\P173 模板-模板的局限性.vcxproj", "{16E8B3D2-CAEF-41C1-A720-8D9CBF4B1C1A}"
EndProject
Project("{8BC9CEB8-8B4A-11D0-8D11-00A0C91BC942}") = "P174 模板-类模板基本语法", "P174 模板-类模板基本语法\P174 模板-类模板基本语法.vcxproj", "{0943AA55-028A-42C7-8D76-E750464F6AAD}"
EndProject
Project("{8BC9CEB8-8B4A-11D0-8D11-00A0C91BC942}") = "P175 模板-类模板与函数模板的区别", "P175 模板-类模板与函数模板的区别\P175 模板-类模板与函数模板的区别.vcxproj", "{2C3F97D1-440A-4E91-B925-1A2E883A30E8}"
EndProject
Project("{8BC9CEB8-8B4A-11D0-8D11-00A0C91BC942}") = "P176 模板-类模板中成员函数创建时机", "P176 模板-类模板中成员函数创建时机\P176 模板-类模板中成员函数创建时机.vcxproj", "{01896D52-FF49-4589-96A5-7D34446A7923}"
EndProject
Project("{8BC9CEB8-8B4A-11D0-8D11-00A0C91BC942}") = "P177 模板-类模板对象做函数参数", "P177 模板-类模板对象做函数参数\P177 模板-类模板对象做函数参数.vcxproj", "{808E3E0B-66C6-43E7-BB69-11BDFDFA5DEE}"
EndProject
Project("{8BC9CEB8-8B4A-11D0-8D11-00A0C91BC942}") = "P178 模板-类模板与继承", "P178 模板-类模板与继承\P178 模板-类模板与继承.vcxproj", "{852F29CC-5B98-4FCC-A21C-A99A973A1896}"
EndProject
Project("{8BC9CEB8-8B4A-11D0-8D11-00A0C91BC942}") = "P179 模板-类模板成员函数类外实现", "P179 模板-类模板成员函数类外实现\P179 模板-类模板成员函数类外实现.vcxproj", "{5211681D-FF4C-4C02-A45D-35224C650FD6}"
EndProject
Project("{8BC9CEB8-8B4A-11D0-8D11-00A0C91BC942}") = "P180 模板-类模板分文件编写", "P180 模板-类模板分文件编写\P180 模板-类模板分文件编写.vcxproj", "{1004CC79-A7EF-423F-8339-8FC9D0461453}"
EndProject
Project("{8BC9CEB8-8B4A-11D0-8D11-00A0C91BC942}") = "P181 模板-类模板与友元", "P181 模板-类模板与友元\P181 模板-类模板与友元.vcxproj", "{515ABD1F-C705-408F-B331-743A60C202DC}"
EndProject
Project("{8BC9CEB8-8B4A-11D0-8D11-00A0C91BC942}") = "P182-P184 模板-类模板案例-数组类封装", "P182 模板-类模板案例-数组类封装\P182 模板-类模板案例-数组类封装.vcxproj", "{18101063-244C-4334-8EE5-AD4C8B4496F7}"
EndProject
Project("{8BC9CEB8-8B4A-11D0-8D11-00A0C91BC942}") = "P186 STL初识-vector存放内置数据类型", "P183 STL初识-STL的基本概念\P183 STL初识-STL的基本概念.vcxproj", "{F12D07C1-62E5-43C6-8573-FFD4FDBCC859}"
EndProject
Project("{8BC9CEB8-8B4A-11D0-8D11-00A0C91BC942}") = "P187 STL初识-vector存放自定义数据类型", "P185 STL初识-vector存放自定义数据类型\P185 STL初识-vector存放自定义数据类型.vcxproj", "{D2E108DE-5928-451A-B1E3-77F88913E887}"
EndProject
Project("{8BC9CEB8-8B4A-11D0-8D11-00A0C91BC942}") = "P188 STL初识-容器嵌套容器", "P186 STL初识-容器嵌套容器\P186 STL初识-容器嵌套容器.vcxproj", "{67FA99EB-398E-4BA5-AFB6-5DA4669CD329}"
EndProject
Project("{8BC9CEB8-8B4A-11D0-8D11-00A0C91BC942}") = "P189 string容器-构造函数", "P187 string容器-构造函数\P187 string容器-构造函数.vcxproj", "{5AAC2E98-B1CD-42C3-9133-0985BF890CCE}"
EndProject
Project("{8BC9CEB8-8B4A-11D0-8D11-00A0C91BC942}") = "P190 string容器-赋值操作", "P188 string容器-赋值操作\P188 string容器-赋值操作.vcxproj", "{CE658B5E-30BB-4A6B-9C41-E37724036412}"
EndProject
Project("{8BC9CEB8-8B4A-11D0-8D11-00A0C91BC942}") = "P191 string容器-字符串拼接", "P189 string容器-字符串拼接\P189 string容器-字符串拼接.vcxproj", "{BEE4503A-37AB-4E16-A2DF-61AC3763B8A4}"
EndProject
Project("{8BC9CEB8-8B4A-11D0-8D11-00A0C91BC942}") = "P190 string容器-字符串查找和替换", "P190 string容器-字符串查找和替换\P190 string容器-字符串查找和替换.vcxproj", "{B4DBC49F-D9AB-40E1-89C1-40713DD2F230}"
EndProject
Project("{8BC9CEB8-8B4A-11D0-8D11-00A0C91BC942}") = "P192 string容器-字符串查找和替换", "P192 string容器-字符串查找和替换\P192 string容器-字符串查找和替换.vcxproj", "{A40B0F73-6701-425E-85D6-115A17CC83E0}"
EndProject
Project("{8BC9CEB8-8B4A-11D0-8D11-00A0C91BC942}") = "P193 string容器-字符串比较", "P193 string容器-字符串比较\P193 string容器-字符串比较.vcxproj", "{E0F825E8-A7F3-4C34-A967-25CAF28995E0}"
EndProject
Project("{8BC9CEB8-8B4A-11D0-8D11-00A0C91BC942}") = "P194 string容器-字符串存取", "P194 string容器-字符串存取\P194 string容器-字符串存取.vcxproj", "{B13FEF59-1D23-4DA1-A4CB-8071378D22A0}"
EndProject
Project("{8BC9CEB8-8B4A-11D0-8D11-00A0C91BC942}") = "P195 string容器-字符串插入和删除", "P195 string容器-字符串插入和删除\P195 string容器-字符串插入和删除.vcxproj", "{2A841EFC-D6A3-4E02-BC00-3B6F7BA58680}"
EndProject
Project("{8BC9CEB8-8B4A-11D0-8D11-00A0C91BC942}") = "P196 string容器-子串获取", "P196 string容器-字串获取\P196 string容器-字串获取.vcxproj", "{147058E8-3D74-45DC-ACDF-184C886E5C30}"
EndProject
Project("{8BC9CEB8-8B4A-11D0-8D11-00A0C91BC942}") = "P197 vector容器-构造函数", "P197 vector容器-构造函数\P197 vector容器-构造函数.vcxproj", "{EF245D80-09D0-41CE-B5E3-3F9E5D24D15C}"
EndProject
Project("{8BC9CEB8-8B4A-11D0-8D11-00A0C91BC942}") = "P198 vector容器-赋值操作", "P198 vector容器-赋值操作\P198 vector容器-赋值操作.vcxproj", "{24FBA420-6EE2-482D-9235-21FD77526521}"
EndProject
Project("{8BC9CEB8-8B4A-11D0-8D11-00A0C91BC942}") = "P199 vector容器-容量和大小", "P199 vector容器-容量和大小\P199 vector容器-容量和大小.vcxproj", "{ABA53E33-9522-4A18-BDB0-26A1BB9F86FE}"
EndProject
Project("{8BC9CEB8-8B4A-11D0-8D11-00A0C91BC942}") = "P200 vector容器-插入和删除", "P200 vector容器-插入和删除\P200 vector容器-插入和删除.vcxproj", "{3BDE2D8E-752E-42BE-8DBE-471D70292111}"
EndProject
Project("{8BC9CEB8-8B4A-11D0-8D11-00A0C91BC942}") = "P201 vector容器-数据存取", "P201 vector容器-数据存取\P201 vector容器-数据存取.vcxproj", "{B929CDF7-0C78-4DB6-BC9B-CD8F365FA283}"
EndProject
Project("{8BC9CEB8-8B4A-11D0-8D11-00A0C91BC942}") = "P202 vector容器-互换容器", "P202 vector容器-互换容器\P202 vector容器-互换容器.vcxproj", "{2CA010B4-C76B-4E2B-B937-14CE594A3C61}"
EndProject
Project("{8BC9CEB8-8B4A-11D0-8D11-00A0C91BC942}") = "P203 vector容器-预留空间", "P203 vector容器-预留空间\P203 vector容器-预留空间.vcxproj", "{618B7E8A-3B37-43F2-95E4-7AB417B2E4C1}"
EndProject
Project("{8BC9CEB8-8B4A-11D0-8D11-00A0C91BC942}") = "P113 对象特性-静态成员-静态成员变量", "P113 对象特性-静态成员-静态成员变量\P113 对象特性-静态成员-静态成员变量.vcxproj", "{DA263C25-D5F3-4EAB-8774-4FF35A300B6F}"
EndProject
Global
	GlobalSection(SolutionConfigurationPlatforms) = preSolution
		Debug|x64 = Debug|x64
		Debug|x86 = Debug|x86
		Release|x64 = Release|x64
		Release|x86 = Release|x86
	EndGlobalSection
	GlobalSection(ProjectConfigurationPlatforms) = postSolution
		{87FC5082-7628-45BE-BC83-ABBDB154D5D8}.Debug|x64.ActiveCfg = Debug|x64
		{87FC5082-7628-45BE-BC83-ABBDB154D5D8}.Debug|x64.Build.0 = Debug|x64
		{87FC5082-7628-45BE-BC83-ABBDB154D5D8}.Debug|x86.ActiveCfg = Debug|Win32
		{87FC5082-7628-45BE-BC83-ABBDB154D5D8}.Debug|x86.Build.0 = Debug|Win32
		{87FC5082-7628-45BE-BC83-ABBDB154D5D8}.Release|x64.ActiveCfg = Release|x64
		{87FC5082-7628-45BE-BC83-ABBDB154D5D8}.Release|x64.Build.0 = Release|x64
		{87FC5082-7628-45BE-BC83-ABBDB154D5D8}.Release|x86.ActiveCfg = Release|Win32
		{87FC5082-7628-45BE-BC83-ABBDB154D5D8}.Release|x86.Build.0 = Release|Win32
		{7654709D-6AAF-4708-A831-441E5DA7917B}.Debug|x64.ActiveCfg = Debug|x64
		{7654709D-6AAF-4708-A831-441E5DA7917B}.Debug|x64.Build.0 = Debug|x64
		{7654709D-6AAF-4708-A831-441E5DA7917B}.Debug|x86.ActiveCfg = Debug|Win32
		{7654709D-6AAF-4708-A831-441E5DA7917B}.Debug|x86.Build.0 = Debug|Win32
		{7654709D-6AAF-4708-A831-441E5DA7917B}.Release|x64.ActiveCfg = Release|x64
		{7654709D-6AAF-4708-A831-441E5DA7917B}.Release|x64.Build.0 = Release|x64
		{7654709D-6AAF-4708-A831-441E5DA7917B}.Release|x86.ActiveCfg = Release|Win32
		{7654709D-6AAF-4708-A831-441E5DA7917B}.Release|x86.Build.0 = Release|Win32
		{46DE294C-3308-4D65-8CAE-71E3CEBEC729}.Debug|x64.ActiveCfg = Debug|x64
		{46DE294C-3308-4D65-8CAE-71E3CEBEC729}.Debug|x64.Build.0 = Debug|x64
		{46DE294C-3308-4D65-8CAE-71E3CEBEC729}.Debug|x86.ActiveCfg = Debug|Win32
		{46DE294C-3308-4D65-8CAE-71E3CEBEC729}.Debug|x86.Build.0 = Debug|Win32
		{46DE294C-3308-4D65-8CAE-71E3CEBEC729}.Release|x64.ActiveCfg = Release|x64
		{46DE294C-3308-4D65-8CAE-71E3CEBEC729}.Release|x64.Build.0 = Release|x64
		{46DE294C-3308-4D65-8CAE-71E3CEBEC729}.Release|x86.ActiveCfg = Release|Win32
		{46DE294C-3308-4D65-8CAE-71E3CEBEC729}.Release|x86.Build.0 = Release|Win32
		{E9ACCB30-60BA-4561-B5CE-5C8F0C9DD403}.Debug|x64.ActiveCfg = Debug|x64
		{E9ACCB30-60BA-4561-B5CE-5C8F0C9DD403}.Debug|x64.Build.0 = Debug|x64
		{E9ACCB30-60BA-4561-B5CE-5C8F0C9DD403}.Debug|x86.ActiveCfg = Debug|Win32
		{E9ACCB30-60BA-4561-B5CE-5C8F0C9DD403}.Debug|x86.Build.0 = Debug|Win32
		{E9ACCB30-60BA-4561-B5CE-5C8F0C9DD403}.Release|x64.ActiveCfg = Release|x64
		{E9ACCB30-60BA-4561-B5CE-5C8F0C9DD403}.Release|x64.Build.0 = Release|x64
		{E9ACCB30-60BA-4561-B5CE-5C8F0C9DD403}.Release|x86.ActiveCfg = Release|Win32
		{E9ACCB30-60BA-4561-B5CE-5C8F0C9DD403}.Release|x86.Build.0 = Release|Win32
		{B25176C6-33DD-40A7-84F9-4975B35F1076}.Debug|x64.ActiveCfg = Debug|x64
		{B25176C6-33DD-40A7-84F9-4975B35F1076}.Debug|x64.Build.0 = Debug|x64
		{B25176C6-33DD-40A7-84F9-4975B35F1076}.Debug|x86.ActiveCfg = Debug|Win32
		{B25176C6-33DD-40A7-84F9-4975B35F1076}.Debug|x86.Build.0 = Debug|Win32
		{B25176C6-33DD-40A7-84F9-4975B35F1076}.Release|x64.ActiveCfg = Release|x64
		{B25176C6-33DD-40A7-84F9-4975B35F1076}.Release|x64.Build.0 = Release|x64
		{B25176C6-33DD-40A7-84F9-4975B35F1076}.Release|x86.ActiveCfg = Release|Win32
		{B25176C6-33DD-40A7-84F9-4975B35F1076}.Release|x86.Build.0 = Release|Win32
		{FBAF47B6-67CC-4181-BB7C-82EBDEB7F103}.Debug|x64.ActiveCfg = Debug|x64
		{FBAF47B6-67CC-4181-BB7C-82EBDEB7F103}.Debug|x64.Build.0 = Debug|x64
		{FBAF47B6-67CC-4181-BB7C-82EBDEB7F103}.Debug|x86.ActiveCfg = Debug|Win32
		{FBAF47B6-67CC-4181-BB7C-82EBDEB7F103}.Debug|x86.Build.0 = Debug|Win32
		{FBAF47B6-67CC-4181-BB7C-82EBDEB7F103}.Release|x64.ActiveCfg = Release|x64
		{FBAF47B6-67CC-4181-BB7C-82EBDEB7F103}.Release|x64.Build.0 = Release|x64
		{FBAF47B6-67CC-4181-BB7C-82EBDEB7F103}.Release|x86.ActiveCfg = Release|Win32
		{FBAF47B6-67CC-4181-BB7C-82EBDEB7F103}.Release|x86.Build.0 = Release|Win32
		{B5543AA0-0B44-4C4D-BF26-BF764F8AB1C2}.Debug|x64.ActiveCfg = Debug|x64
		{B5543AA0-0B44-4C4D-BF26-BF764F8AB1C2}.Debug|x64.Build.0 = Debug|x64
		{B5543AA0-0B44-4C4D-BF26-BF764F8AB1C2}.Debug|x86.ActiveCfg = Debug|Win32
		{B5543AA0-0B44-4C4D-BF26-BF764F8AB1C2}.Debug|x86.Build.0 = Debug|Win32
		{B5543AA0-0B44-4C4D-BF26-BF764F8AB1C2}.Release|x64.ActiveCfg = Release|x64
		{B5543AA0-0B44-4C4D-BF26-BF764F8AB1C2}.Release|x64.Build.0 = Release|x64
		{B5543AA0-0B44-4C4D-BF26-BF764F8AB1C2}.Release|x86.ActiveCfg = Release|Win32
		{B5543AA0-0B44-4C4D-BF26-BF764F8AB1C2}.Release|x86.Build.0 = Release|Win32
		{572783F2-4360-4A5D-94E7-2C97E41DF011}.Debug|x64.ActiveCfg = Debug|x64
		{572783F2-4360-4A5D-94E7-2C97E41DF011}.Debug|x64.Build.0 = Debug|x64
		{572783F2-4360-4A5D-94E7-2C97E41DF011}.Debug|x86.ActiveCfg = Debug|Win32
		{572783F2-4360-4A5D-94E7-2C97E41DF011}.Debug|x86.Build.0 = Debug|Win32
		{572783F2-4360-4A5D-94E7-2C97E41DF011}.Release|x64.ActiveCfg = Release|x64
		{572783F2-4360-4A5D-94E7-2C97E41DF011}.Release|x64.Build.0 = Release|x64
		{572783F2-4360-4A5D-94E7-2C97E41DF011}.Release|x86.ActiveCfg = Release|Win32
		{572783F2-4360-4A5D-94E7-2C97E41DF011}.Release|x86.Build.0 = Release|Win32
		{415CD1E1-7607-4F72-A00D-1A2BE6DA0E83}.Debug|x64.ActiveCfg = Debug|x64
		{415CD1E1-7607-4F72-A00D-1A2BE6DA0E83}.Debug|x64.Build.0 = Debug|x64
		{415CD1E1-7607-4F72-A00D-1A2BE6DA0E83}.Debug|x86.ActiveCfg = Debug|Win32
		{415CD1E1-7607-4F72-A00D-1A2BE6DA0E83}.Debug|x86.Build.0 = Debug|Win32
		{415CD1E1-7607-4F72-A00D-1A2BE6DA0E83}.Release|x64.ActiveCfg = Release|x64
		{415CD1E1-7607-4F72-A00D-1A2BE6DA0E83}.Release|x64.Build.0 = Release|x64
		{415CD1E1-7607-4F72-A00D-1A2BE6DA0E83}.Release|x86.ActiveCfg = Release|Win32
		{415CD1E1-7607-4F72-A00D-1A2BE6DA0E83}.Release|x86.Build.0 = Release|Win32
		{A1AAA4F3-E422-44CC-BFFA-13F36F4D1406}.Debug|x64.ActiveCfg = Debug|x64
		{A1AAA4F3-E422-44CC-BFFA-13F36F4D1406}.Debug|x64.Build.0 = Debug|x64
		{A1AAA4F3-E422-44CC-BFFA-13F36F4D1406}.Debug|x86.ActiveCfg = Debug|Win32
		{A1AAA4F3-E422-44CC-BFFA-13F36F4D1406}.Debug|x86.Build.0 = Debug|Win32
		{A1AAA4F3-E422-44CC-BFFA-13F36F4D1406}.Release|x64.ActiveCfg = Release|x64
		{A1AAA4F3-E422-44CC-BFFA-13F36F4D1406}.Release|x64.Build.0 = Release|x64
		{A1AAA4F3-E422-44CC-BFFA-13F36F4D1406}.Release|x86.ActiveCfg = Release|Win32
		{A1AAA4F3-E422-44CC-BFFA-13F36F4D1406}.Release|x86.Build.0 = Release|Win32
		{7AF4277E-8F3E-4239-8FC5-E783C2AED34F}.Debug|x64.ActiveCfg = Debug|x64
		{7AF4277E-8F3E-4239-8FC5-E783C2AED34F}.Debug|x64.Build.0 = Debug|x64
		{7AF4277E-8F3E-4239-8FC5-E783C2AED34F}.Debug|x86.ActiveCfg = Debug|Win32
		{7AF4277E-8F3E-4239-8FC5-E783C2AED34F}.Debug|x86.Build.0 = Debug|Win32
		{7AF4277E-8F3E-4239-8FC5-E783C2AED34F}.Release|x64.ActiveCfg = Release|x64
		{7AF4277E-8F3E-4239-8FC5-E783C2AED34F}.Release|x64.Build.0 = Release|x64
		{7AF4277E-8F3E-4239-8FC5-E783C2AED34F}.Release|x86.ActiveCfg = Release|Win32
		{7AF4277E-8F3E-4239-8FC5-E783C2AED34F}.Release|x86.Build.0 = Release|Win32
		{66D448E9-F49D-481B-9CF7-5929277B29EA}.Debug|x64.ActiveCfg = Debug|x64
		{66D448E9-F49D-481B-9CF7-5929277B29EA}.Debug|x64.Build.0 = Debug|x64
		{66D448E9-F49D-481B-9CF7-5929277B29EA}.Debug|x86.ActiveCfg = Debug|Win32
		{66D448E9-F49D-481B-9CF7-5929277B29EA}.Debug|x86.Build.0 = Debug|Win32
		{66D448E9-F49D-481B-9CF7-5929277B29EA}.Release|x64.ActiveCfg = Release|x64
		{66D448E9-F49D-481B-9CF7-5929277B29EA}.Release|x64.Build.0 = Release|x64
		{66D448E9-F49D-481B-9CF7-5929277B29EA}.Release|x86.ActiveCfg = Release|Win32
		{66D448E9-F49D-481B-9CF7-5929277B29EA}.Release|x86.Build.0 = Release|Win32
		{78A84C63-14B4-4547-923B-4056F41AD556}.Debug|x64.ActiveCfg = Debug|x64
		{78A84C63-14B4-4547-923B-4056F41AD556}.Debug|x64.Build.0 = Debug|x64
		{78A84C63-14B4-4547-923B-4056F41AD556}.Debug|x86.ActiveCfg = Debug|Win32
		{78A84C63-14B4-4547-923B-4056F41AD556}.Debug|x86.Build.0 = Debug|Win32
		{78A84C63-14B4-4547-923B-4056F41AD556}.Release|x64.ActiveCfg = Release|x64
		{78A84C63-14B4-4547-923B-4056F41AD556}.Release|x64.Build.0 = Release|x64
		{78A84C63-14B4-4547-923B-4056F41AD556}.Release|x86.ActiveCfg = Release|Win32
		{78A84C63-14B4-4547-923B-4056F41AD556}.Release|x86.Build.0 = Release|Win32
		{F4DA2443-BC9D-4C92-82EC-175B698F4641}.Debug|x64.ActiveCfg = Debug|x64
		{F4DA2443-BC9D-4C92-82EC-175B698F4641}.Debug|x64.Build.0 = Debug|x64
		{F4DA2443-BC9D-4C92-82EC-175B698F4641}.Debug|x86.ActiveCfg = Debug|Win32
		{F4DA2443-BC9D-4C92-82EC-175B698F4641}.Debug|x86.Build.0 = Debug|Win32
		{F4DA2443-BC9D-4C92-82EC-175B698F4641}.Release|x64.ActiveCfg = Release|x64
		{F4DA2443-BC9D-4C92-82EC-175B698F4641}.Release|x64.Build.0 = Release|x64
		{F4DA2443-BC9D-4C92-82EC-175B698F4641}.Release|x86.ActiveCfg = Release|Win32
		{F4DA2443-BC9D-4C92-82EC-175B698F4641}.Release|x86.Build.0 = Release|Win32
		{6D4C1372-6A5A-4809-A531-256EA469051B}.Debug|x64.ActiveCfg = Debug|x64
		{6D4C1372-6A5A-4809-A531-256EA469051B}.Debug|x64.Build.0 = Debug|x64
		{6D4C1372-6A5A-4809-A531-256EA469051B}.Debug|x86.ActiveCfg = Debug|Win32
		{6D4C1372-6A5A-4809-A531-256EA469051B}.Debug|x86.Build.0 = Debug|Win32
		{6D4C1372-6A5A-4809-A531-256EA469051B}.Release|x64.ActiveCfg = Release|x64
		{6D4C1372-6A5A-4809-A531-256EA469051B}.Release|x64.Build.0 = Release|x64
		{6D4C1372-6A5A-4809-A531-256EA469051B}.Release|x86.ActiveCfg = Release|Win32
		{6D4C1372-6A5A-4809-A531-256EA469051B}.Release|x86.Build.0 = Release|Win32
		{9C1BFEB7-2E61-43B1-BD66-43B75CEDE7FB}.Debug|x64.ActiveCfg = Debug|x64
		{9C1BFEB7-2E61-43B1-BD66-43B75CEDE7FB}.Debug|x64.Build.0 = Debug|x64
		{9C1BFEB7-2E61-43B1-BD66-43B75CEDE7FB}.Debug|x86.ActiveCfg = Debug|Win32
		{9C1BFEB7-2E61-43B1-BD66-43B75CEDE7FB}.Debug|x86.Build.0 = Debug|Win32
		{9C1BFEB7-2E61-43B1-BD66-43B75CEDE7FB}.Release|x64.ActiveCfg = Release|x64
		{9C1BFEB7-2E61-43B1-BD66-43B75CEDE7FB}.Release|x64.Build.0 = Release|x64
		{9C1BFEB7-2E61-43B1-BD66-43B75CEDE7FB}.Release|x86.ActiveCfg = Release|Win32
		{9C1BFEB7-2E61-43B1-BD66-43B75CEDE7FB}.Release|x86.Build.0 = Release|Win32
		{E61218CE-0EF9-442D-9462-C46F7DC68EDC}.Debug|x64.ActiveCfg = Debug|x64
		{E61218CE-0EF9-442D-9462-C46F7DC68EDC}.Debug|x64.Build.0 = Debug|x64
		{E61218CE-0EF9-442D-9462-C46F7DC68EDC}.Debug|x86.ActiveCfg = Debug|Win32
		{E61218CE-0EF9-442D-9462-C46F7DC68EDC}.Debug|x86.Build.0 = Debug|Win32
		{E61218CE-0EF9-442D-9462-C46F7DC68EDC}.Release|x64.ActiveCfg = Release|x64
		{E61218CE-0EF9-442D-9462-C46F7DC68EDC}.Release|x64.Build.0 = Release|x64
		{E61218CE-0EF9-442D-9462-C46F7DC68EDC}.Release|x86.ActiveCfg = Release|Win32
		{E61218CE-0EF9-442D-9462-C46F7DC68EDC}.Release|x86.Build.0 = Release|Win32
		{054EF15F-3481-4284-904E-D3D1B804F40B}.Debug|x64.ActiveCfg = Debug|x64
		{054EF15F-3481-4284-904E-D3D1B804F40B}.Debug|x64.Build.0 = Debug|x64
		{054EF15F-3481-4284-904E-D3D1B804F40B}.Debug|x86.ActiveCfg = Debug|Win32
		{054EF15F-3481-4284-904E-D3D1B804F40B}.Debug|x86.Build.0 = Debug|Win32
		{054EF15F-3481-4284-904E-D3D1B804F40B}.Release|x64.ActiveCfg = Release|x64
		{054EF15F-3481-4284-904E-D3D1B804F40B}.Release|x64.Build.0 = Release|x64
		{054EF15F-3481-4284-904E-D3D1B804F40B}.Release|x86.ActiveCfg = Release|Win32
		{054EF15F-3481-4284-904E-D3D1B804F40B}.Release|x86.Build.0 = Release|Win32
		{001AB288-8E5A-497E-86B4-BA5369B807ED}.Debug|x64.ActiveCfg = Debug|x64
		{001AB288-8E5A-497E-86B4-BA5369B807ED}.Debug|x64.Build.0 = Debug|x64
		{001AB288-8E5A-497E-86B4-BA5369B807ED}.Debug|x86.ActiveCfg = Debug|Win32
		{001AB288-8E5A-497E-86B4-BA5369B807ED}.Debug|x86.Build.0 = Debug|Win32
		{001AB288-8E5A-497E-86B4-BA5369B807ED}.Release|x64.ActiveCfg = Release|x64
		{001AB288-8E5A-497E-86B4-BA5369B807ED}.Release|x64.Build.0 = Release|x64
		{001AB288-8E5A-497E-86B4-BA5369B807ED}.Release|x86.ActiveCfg = Release|Win32
		{001AB288-8E5A-497E-86B4-BA5369B807ED}.Release|x86.Build.0 = Release|Win32
		{B51AEA03-C025-44C7-91EB-548CD9C84D73}.Debug|x64.ActiveCfg = Debug|x64
		{B51AEA03-C025-44C7-91EB-548CD9C84D73}.Debug|x64.Build.0 = Debug|x64
		{B51AEA03-C025-44C7-91EB-548CD9C84D73}.Debug|x86.ActiveCfg = Debug|Win32
		{B51AEA03-C025-44C7-91EB-548CD9C84D73}.Debug|x86.Build.0 = Debug|Win32
		{B51AEA03-C025-44C7-91EB-548CD9C84D73}.Release|x64.ActiveCfg = Release|x64
		{B51AEA03-C025-44C7-91EB-548CD9C84D73}.Release|x64.Build.0 = Release|x64
		{B51AEA03-C025-44C7-91EB-548CD9C84D73}.Release|x86.ActiveCfg = Release|Win32
		{B51AEA03-C025-44C7-91EB-548CD9C84D73}.Release|x86.Build.0 = Release|Win32
		{4A50A7FF-6D62-48E6-9D08-A385EB2283BE}.Debug|x64.ActiveCfg = Debug|x64
		{4A50A7FF-6D62-48E6-9D08-A385EB2283BE}.Debug|x64.Build.0 = Debug|x64
		{4A50A7FF-6D62-48E6-9D08-A385EB2283BE}.Debug|x86.ActiveCfg = Debug|Win32
		{4A50A7FF-6D62-48E6-9D08-A385EB2283BE}.Debug|x86.Build.0 = Debug|Win32
		{4A50A7FF-6D62-48E6-9D08-A385EB2283BE}.Release|x64.ActiveCfg = Release|x64
		{4A50A7FF-6D62-48E6-9D08-A385EB2283BE}.Release|x64.Build.0 = Release|x64
		{4A50A7FF-6D62-48E6-9D08-A385EB2283BE}.Release|x86.ActiveCfg = Release|Win32
		{4A50A7FF-6D62-48E6-9D08-A385EB2283BE}.Release|x86.Build.0 = Release|Win32
		{BD00841D-5B76-4772-8923-FF36DC065E3A}.Debug|x64.ActiveCfg = Debug|x64
		{BD00841D-5B76-4772-8923-FF36DC065E3A}.Debug|x64.Build.0 = Debug|x64
		{BD00841D-5B76-4772-8923-FF36DC065E3A}.Debug|x86.ActiveCfg = Debug|Win32
		{BD00841D-5B76-4772-8923-FF36DC065E3A}.Debug|x86.Build.0 = Debug|Win32
		{BD00841D-5B76-4772-8923-FF36DC065E3A}.Release|x64.ActiveCfg = Release|x64
		{BD00841D-5B76-4772-8923-FF36DC065E3A}.Release|x64.Build.0 = Release|x64
		{BD00841D-5B76-4772-8923-FF36DC065E3A}.Release|x86.ActiveCfg = Release|Win32
		{BD00841D-5B76-4772-8923-FF36DC065E3A}.Release|x86.Build.0 = Release|Win32
		{C1DE1D6F-5AAB-4B01-B372-01CAC0217512}.Debug|x64.ActiveCfg = Debug|x64
		{C1DE1D6F-5AAB-4B01-B372-01CAC0217512}.Debug|x64.Build.0 = Debug|x64
		{C1DE1D6F-5AAB-4B01-B372-01CAC0217512}.Debug|x86.ActiveCfg = Debug|Win32
		{C1DE1D6F-5AAB-4B01-B372-01CAC0217512}.Debug|x86.Build.0 = Debug|Win32
		{C1DE1D6F-5AAB-4B01-B372-01CAC0217512}.Release|x64.ActiveCfg = Release|x64
		{C1DE1D6F-5AAB-4B01-B372-01CAC0217512}.Release|x64.Build.0 = Release|x64
		{C1DE1D6F-5AAB-4B01-B372-01CAC0217512}.Release|x86.ActiveCfg = Release|Win32
		{C1DE1D6F-5AAB-4B01-B372-01CAC0217512}.Release|x86.Build.0 = Release|Win32
		{E518D8E0-C1DD-469B-A511-B822A28C8DDB}.Debug|x64.ActiveCfg = Debug|x64
		{E518D8E0-C1DD-469B-A511-B822A28C8DDB}.Debug|x64.Build.0 = Debug|x64
		{E518D8E0-C1DD-469B-A511-B822A28C8DDB}.Debug|x86.ActiveCfg = Debug|Win32
		{E518D8E0-C1DD-469B-A511-B822A28C8DDB}.Debug|x86.Build.0 = Debug|Win32
		{E518D8E0-C1DD-469B-A511-B822A28C8DDB}.Release|x64.ActiveCfg = Release|x64
		{E518D8E0-C1DD-469B-A511-B822A28C8DDB}.Release|x64.Build.0 = Release|x64
		{E518D8E0-C1DD-469B-A511-B822A28C8DDB}.Release|x86.ActiveCfg = Release|Win32
		{E518D8E0-C1DD-469B-A511-B822A28C8DDB}.Release|x86.Build.0 = Release|Win32
		{FF6C1A40-5C0B-4C36-8E59-44523FDCEA4E}.Debug|x64.ActiveCfg = Debug|x64
		{FF6C1A40-5C0B-4C36-8E59-44523FDCEA4E}.Debug|x64.Build.0 = Debug|x64
		{FF6C1A40-5C0B-4C36-8E59-44523FDCEA4E}.Debug|x86.ActiveCfg = Debug|Win32
		{FF6C1A40-5C0B-4C36-8E59-44523FDCEA4E}.Debug|x86.Build.0 = Debug|Win32
		{FF6C1A40-5C0B-4C36-8E59-44523FDCEA4E}.Release|x64.ActiveCfg = Release|x64
		{FF6C1A40-5C0B-4C36-8E59-44523FDCEA4E}.Release|x64.Build.0 = Release|x64
		{FF6C1A40-5C0B-4C36-8E59-44523FDCEA4E}.Release|x86.ActiveCfg = Release|Win32
		{FF6C1A40-5C0B-4C36-8E59-44523FDCEA4E}.Release|x86.Build.0 = Release|Win32
		{4551F5AD-762C-44A7-AC03-58500F0EF5AB}.Debug|x64.ActiveCfg = Debug|x64
		{4551F5AD-762C-44A7-AC03-58500F0EF5AB}.Debug|x64.Build.0 = Debug|x64
		{4551F5AD-762C-44A7-AC03-58500F0EF5AB}.Debug|x86.ActiveCfg = Debug|Win32
		{4551F5AD-762C-44A7-AC03-58500F0EF5AB}.Debug|x86.Build.0 = Debug|Win32
		{4551F5AD-762C-44A7-AC03-58500F0EF5AB}.Release|x64.ActiveCfg = Release|x64
		{4551F5AD-762C-44A7-AC03-58500F0EF5AB}.Release|x64.Build.0 = Release|x64
		{4551F5AD-762C-44A7-AC03-58500F0EF5AB}.Release|x86.ActiveCfg = Release|Win32
		{4551F5AD-762C-44A7-AC03-58500F0EF5AB}.Release|x86.Build.0 = Release|Win32
		{7931E8CB-A712-4EC9-91B7-19CA60B1E181}.Debug|x64.ActiveCfg = Debug|x64
		{7931E8CB-A712-4EC9-91B7-19CA60B1E181}.Debug|x64.Build.0 = Debug|x64
		{7931E8CB-A712-4EC9-91B7-19CA60B1E181}.Debug|x86.ActiveCfg = Debug|Win32
		{7931E8CB-A712-4EC9-91B7-19CA60B1E181}.Debug|x86.Build.0 = Debug|Win32
		{7931E8CB-A712-4EC9-91B7-19CA60B1E181}.Release|x64.ActiveCfg = Release|x64
		{7931E8CB-A712-4EC9-91B7-19CA60B1E181}.Release|x64.Build.0 = Release|x64
		{7931E8CB-A712-4EC9-91B7-19CA60B1E181}.Release|x86.ActiveCfg = Release|Win32
		{7931E8CB-A712-4EC9-91B7-19CA60B1E181}.Release|x86.Build.0 = Release|Win32
		{43A88CE6-3C86-4949-A431-089308839745}.Debug|x64.ActiveCfg = Debug|x64
		{43A88CE6-3C86-4949-A431-089308839745}.Debug|x64.Build.0 = Debug|x64
		{43A88CE6-3C86-4949-A431-089308839745}.Debug|x86.ActiveCfg = Debug|Win32
		{43A88CE6-3C86-4949-A431-089308839745}.Debug|x86.Build.0 = Debug|Win32
		{43A88CE6-3C86-4949-A431-089308839745}.Release|x64.ActiveCfg = Release|x64
		{43A88CE6-3C86-4949-A431-089308839745}.Release|x64.Build.0 = Release|x64
		{43A88CE6-3C86-4949-A431-089308839745}.Release|x86.ActiveCfg = Release|Win32
		{43A88CE6-3C86-4949-A431-089308839745}.Release|x86.Build.0 = Release|Win32
		{E1C8ADD7-7310-4CEB-81DE-DBACDF343CFA}.Debug|x64.ActiveCfg = Debug|x64
		{E1C8ADD7-7310-4CEB-81DE-DBACDF343CFA}.Debug|x64.Build.0 = Debug|x64
		{E1C8ADD7-7310-4CEB-81DE-DBACDF343CFA}.Debug|x86.ActiveCfg = Debug|Win32
		{E1C8ADD7-7310-4CEB-81DE-DBACDF343CFA}.Debug|x86.Build.0 = Debug|Win32
		{E1C8ADD7-7310-4CEB-81DE-DBACDF343CFA}.Release|x64.ActiveCfg = Release|x64
		{E1C8ADD7-7310-4CEB-81DE-DBACDF343CFA}.Release|x64.Build.0 = Release|x64
		{E1C8ADD7-7310-4CEB-81DE-DBACDF343CFA}.Release|x86.ActiveCfg = Release|Win32
		{E1C8ADD7-7310-4CEB-81DE-DBACDF343CFA}.Release|x86.Build.0 = Release|Win32
		{88521D18-0A54-4342-BAFA-336664C6C448}.Debug|x64.ActiveCfg = Debug|x64
		{88521D18-0A54-4342-BAFA-336664C6C448}.Debug|x64.Build.0 = Debug|x64
		{88521D18-0A54-4342-BAFA-336664C6C448}.Debug|x86.ActiveCfg = Debug|Win32
		{88521D18-0A54-4342-BAFA-336664C6C448}.Debug|x86.Build.0 = Debug|Win32
		{88521D18-0A54-4342-BAFA-336664C6C448}.Release|x64.ActiveCfg = Release|x64
		{88521D18-0A54-4342-BAFA-336664C6C448}.Release|x64.Build.0 = Release|x64
		{88521D18-0A54-4342-BAFA-336664C6C448}.Release|x86.ActiveCfg = Release|Win32
		{88521D18-0A54-4342-BAFA-336664C6C448}.Release|x86.Build.0 = Release|Win32
		{2F9F6C4D-0E5B-461E-B146-2E8A39B94BD1}.Debug|x64.ActiveCfg = Debug|x64
		{2F9F6C4D-0E5B-461E-B146-2E8A39B94BD1}.Debug|x64.Build.0 = Debug|x64
		{2F9F6C4D-0E5B-461E-B146-2E8A39B94BD1}.Debug|x86.ActiveCfg = Debug|Win32
		{2F9F6C4D-0E5B-461E-B146-2E8A39B94BD1}.Debug|x86.Build.0 = Debug|Win32
		{2F9F6C4D-0E5B-461E-B146-2E8A39B94BD1}.Release|x64.ActiveCfg = Release|x64
		{2F9F6C4D-0E5B-461E-B146-2E8A39B94BD1}.Release|x64.Build.0 = Release|x64
		{2F9F6C4D-0E5B-461E-B146-2E8A39B94BD1}.Release|x86.ActiveCfg = Release|Win32
		{2F9F6C4D-0E5B-461E-B146-2E8A39B94BD1}.Release|x86.Build.0 = Release|Win32
		{4EA925DB-07B5-4FBE-A934-9021DB566936}.Debug|x64.ActiveCfg = Debug|x64
		{4EA925DB-07B5-4FBE-A934-9021DB566936}.Debug|x64.Build.0 = Debug|x64
		{4EA925DB-07B5-4FBE-A934-9021DB566936}.Debug|x86.ActiveCfg = Debug|Win32
		{4EA925DB-07B5-4FBE-A934-9021DB566936}.Debug|x86.Build.0 = Debug|Win32
		{4EA925DB-07B5-4FBE-A934-9021DB566936}.Release|x64.ActiveCfg = Release|x64
		{4EA925DB-07B5-4FBE-A934-9021DB566936}.Release|x64.Build.0 = Release|x64
		{4EA925DB-07B5-4FBE-A934-9021DB566936}.Release|x86.ActiveCfg = Release|Win32
		{4EA925DB-07B5-4FBE-A934-9021DB566936}.Release|x86.Build.0 = Release|Win32
		{9965A630-18EF-40D4-BF55-7C3DF502470C}.Debug|x64.ActiveCfg = Debug|x64
		{9965A630-18EF-40D4-BF55-7C3DF502470C}.Debug|x64.Build.0 = Debug|x64
		{9965A630-18EF-40D4-BF55-7C3DF502470C}.Debug|x86.ActiveCfg = Debug|Win32
		{9965A630-18EF-40D4-BF55-7C3DF502470C}.Debug|x86.Build.0 = Debug|Win32
		{9965A630-18EF-40D4-BF55-7C3DF502470C}.Release|x64.ActiveCfg = Release|x64
		{9965A630-18EF-40D4-BF55-7C3DF502470C}.Release|x64.Build.0 = Release|x64
		{9965A630-18EF-40D4-BF55-7C3DF502470C}.Release|x86.ActiveCfg = Release|Win32
		{9965A630-18EF-40D4-BF55-7C3DF502470C}.Release|x86.Build.0 = Release|Win32
		{550156A1-2BD5-4457-BA70-86B9DC31B974}.Debug|x64.ActiveCfg = Debug|x64
		{550156A1-2BD5-4457-BA70-86B9DC31B974}.Debug|x64.Build.0 = Debug|x64
		{550156A1-2BD5-4457-BA70-86B9DC31B974}.Debug|x86.ActiveCfg = Debug|Win32
		{550156A1-2BD5-4457-BA70-86B9DC31B974}.Debug|x86.Build.0 = Debug|Win32
		{550156A1-2BD5-4457-BA70-86B9DC31B974}.Release|x64.ActiveCfg = Release|x64
		{550156A1-2BD5-4457-BA70-86B9DC31B974}.Release|x64.Build.0 = Release|x64
		{550156A1-2BD5-4457-BA70-86B9DC31B974}.Release|x86.ActiveCfg = Release|Win32
		{550156A1-2BD5-4457-BA70-86B9DC31B974}.Release|x86.Build.0 = Release|Win32
		{6E6B1B94-62AE-4028-BEB7-9198722F601A}.Debug|x64.ActiveCfg = Debug|x64
		{6E6B1B94-62AE-4028-BEB7-9198722F601A}.Debug|x64.Build.0 = Debug|x64
		{6E6B1B94-62AE-4028-BEB7-9198722F601A}.Debug|x86.ActiveCfg = Debug|Win32
		{6E6B1B94-62AE-4028-BEB7-9198722F601A}.Debug|x86.Build.0 = Debug|Win32
		{6E6B1B94-62AE-4028-BEB7-9198722F601A}.Release|x64.ActiveCfg = Release|x64
		{6E6B1B94-62AE-4028-BEB7-9198722F601A}.Release|x64.Build.0 = Release|x64
		{6E6B1B94-62AE-4028-BEB7-9198722F601A}.Release|x86.ActiveCfg = Release|Win32
		{6E6B1B94-62AE-4028-BEB7-9198722F601A}.Release|x86.Build.0 = Release|Win32
		{A90E76ED-F4E5-4D68-B48F-D640D3DB18AB}.Debug|x64.ActiveCfg = Debug|x64
		{A90E76ED-F4E5-4D68-B48F-D640D3DB18AB}.Debug|x64.Build.0 = Debug|x64
		{A90E76ED-F4E5-4D68-B48F-D640D3DB18AB}.Debug|x86.ActiveCfg = Debug|Win32
		{A90E76ED-F4E5-4D68-B48F-D640D3DB18AB}.Debug|x86.Build.0 = Debug|Win32
		{A90E76ED-F4E5-4D68-B48F-D640D3DB18AB}.Release|x64.ActiveCfg = Release|x64
		{A90E76ED-F4E5-4D68-B48F-D640D3DB18AB}.Release|x64.Build.0 = Release|x64
		{A90E76ED-F4E5-4D68-B48F-D640D3DB18AB}.Release|x86.ActiveCfg = Release|Win32
		{A90E76ED-F4E5-4D68-B48F-D640D3DB18AB}.Release|x86.Build.0 = Release|Win32
		{439F4000-2D07-4AC1-9EF7-517E08988EF3}.Debug|x64.ActiveCfg = Debug|x64
		{439F4000-2D07-4AC1-9EF7-517E08988EF3}.Debug|x64.Build.0 = Debug|x64
		{439F4000-2D07-4AC1-9EF7-517E08988EF3}.Debug|x86.ActiveCfg = Debug|Win32
		{439F4000-2D07-4AC1-9EF7-517E08988EF3}.Debug|x86.Build.0 = Debug|Win32
		{439F4000-2D07-4AC1-9EF7-517E08988EF3}.Release|x64.ActiveCfg = Release|x64
		{439F4000-2D07-4AC1-9EF7-517E08988EF3}.Release|x64.Build.0 = Release|x64
		{439F4000-2D07-4AC1-9EF7-517E08988EF3}.Release|x86.ActiveCfg = Release|Win32
		{439F4000-2D07-4AC1-9EF7-517E08988EF3}.Release|x86.Build.0 = Release|Win32
		{DC1A8919-9734-4167-80C8-8562CD092D11}.Debug|x64.ActiveCfg = Debug|x64
		{DC1A8919-9734-4167-80C8-8562CD092D11}.Debug|x64.Build.0 = Debug|x64
		{DC1A8919-9734-4167-80C8-8562CD092D11}.Debug|x86.ActiveCfg = Debug|Win32
		{DC1A8919-9734-4167-80C8-8562CD092D11}.Debug|x86.Build.0 = Debug|Win32
		{DC1A8919-9734-4167-80C8-8562CD092D11}.Release|x64.ActiveCfg = Release|x64
		{DC1A8919-9734-4167-80C8-8562CD092D11}.Release|x64.Build.0 = Release|x64
		{DC1A8919-9734-4167-80C8-8562CD092D11}.Release|x86.ActiveCfg = Release|Win32
		{DC1A8919-9734-4167-80C8-8562CD092D11}.Release|x86.Build.0 = Release|Win32
		{92FD0AC1-3B8D-4A7B-A1E1-C5BFC3C0C9A7}.Debug|x64.ActiveCfg = Debug|x64
		{92FD0AC1-3B8D-4A7B-A1E1-C5BFC3C0C9A7}.Debug|x64.Build.0 = Debug|x64
		{92FD0AC1-3B8D-4A7B-A1E1-C5BFC3C0C9A7}.Debug|x86.ActiveCfg = Debug|Win32
		{92FD0AC1-3B8D-4A7B-A1E1-C5BFC3C0C9A7}.Debug|x86.Build.0 = Debug|Win32
		{92FD0AC1-3B8D-4A7B-A1E1-C5BFC3C0C9A7}.Release|x64.ActiveCfg = Release|x64
		{92FD0AC1-3B8D-4A7B-A1E1-C5BFC3C0C9A7}.Release|x64.Build.0 = Release|x64
		{92FD0AC1-3B8D-4A7B-A1E1-C5BFC3C0C9A7}.Release|x86.ActiveCfg = Release|Win32
		{92FD0AC1-3B8D-4A7B-A1E1-C5BFC3C0C9A7}.Release|x86.Build.0 = Release|Win32
		{F57D08EA-BC11-4EE6-9328-2777AAE15DFF}.Debug|x64.ActiveCfg = Debug|x64
		{F57D08EA-BC11-4EE6-9328-2777AAE15DFF}.Debug|x64.Build.0 = Debug|x64
		{F57D08EA-BC11-4EE6-9328-2777AAE15DFF}.Debug|x86.ActiveCfg = Debug|Win32
		{F57D08EA-BC11-4EE6-9328-2777AAE15DFF}.Debug|x86.Build.0 = Debug|Win32
		{F57D08EA-BC11-4EE6-9328-2777AAE15DFF}.Release|x64.ActiveCfg = Release|x64
		{F57D08EA-BC11-4EE6-9328-2777AAE15DFF}.Release|x64.Build.0 = Release|x64
		{F57D08EA-BC11-4EE6-9328-2777AAE15DFF}.Release|x86.ActiveCfg = Release|Win32
		{F57D08EA-BC11-4EE6-9328-2777AAE15DFF}.Release|x86.Build.0 = Release|Win32
		{484318CD-4CE4-4240-BD61-ACD2090C1EEC}.Debug|x64.ActiveCfg = Debug|x64
		{484318CD-4CE4-4240-BD61-ACD2090C1EEC}.Debug|x64.Build.0 = Debug|x64
		{484318CD-4CE4-4240-BD61-ACD2090C1EEC}.Debug|x86.ActiveCfg = Debug|Win32
		{484318CD-4CE4-4240-BD61-ACD2090C1EEC}.Debug|x86.Build.0 = Debug|Win32
		{484318CD-4CE4-4240-BD61-ACD2090C1EEC}.Release|x64.ActiveCfg = Release|x64
		{484318CD-4CE4-4240-BD61-ACD2090C1EEC}.Release|x64.Build.0 = Release|x64
		{484318CD-4CE4-4240-BD61-ACD2090C1EEC}.Release|x86.ActiveCfg = Release|Win32
		{484318CD-4CE4-4240-BD61-ACD2090C1EEC}.Release|x86.Build.0 = Release|Win32
		{7BECE9A1-0CEF-47FF-A419-15346157F108}.Debug|x64.ActiveCfg = Debug|x64
		{7BECE9A1-0CEF-47FF-A419-15346157F108}.Debug|x64.Build.0 = Debug|x64
		{7BECE9A1-0CEF-47FF-A419-15346157F108}.Debug|x86.ActiveCfg = Debug|Win32
		{7BECE9A1-0CEF-47FF-A419-15346157F108}.Debug|x86.Build.0 = Debug|Win32
		{7BECE9A1-0CEF-47FF-A419-15346157F108}.Release|x64.ActiveCfg = Release|x64
		{7BECE9A1-0CEF-47FF-A419-15346157F108}.Release|x64.Build.0 = Release|x64
		{7BECE9A1-0CEF-47FF-A419-15346157F108}.Release|x86.ActiveCfg = Release|Win32
		{7BECE9A1-0CEF-47FF-A419-15346157F108}.Release|x86.Build.0 = Release|Win32
		{9AAADE07-FC08-4C77-8E94-1187308A3BF9}.Debug|x64.ActiveCfg = Debug|x64
		{9AAADE07-FC08-4C77-8E94-1187308A3BF9}.Debug|x64.Build.0 = Debug|x64
		{9AAADE07-FC08-4C77-8E94-1187308A3BF9}.Debug|x86.ActiveCfg = Debug|Win32
		{9AAADE07-FC08-4C77-8E94-1187308A3BF9}.Debug|x86.Build.0 = Debug|Win32
		{9AAADE07-FC08-4C77-8E94-1187308A3BF9}.Release|x64.ActiveCfg = Release|x64
		{9AAADE07-FC08-4C77-8E94-1187308A3BF9}.Release|x64.Build.0 = Release|x64
		{9AAADE07-FC08-4C77-8E94-1187308A3BF9}.Release|x86.ActiveCfg = Release|Win32
		{9AAADE07-FC08-4C77-8E94-1187308A3BF9}.Release|x86.Build.0 = Release|Win32
		{3799F090-0E95-4CEB-BC7B-E7E709A1EAD5}.Debug|x64.ActiveCfg = Debug|x64
		{3799F090-0E95-4CEB-BC7B-E7E709A1EAD5}.Debug|x64.Build.0 = Debug|x64
		{3799F090-0E95-4CEB-BC7B-E7E709A1EAD5}.Debug|x86.ActiveCfg = Debug|Win32
		{3799F090-0E95-4CEB-BC7B-E7E709A1EAD5}.Debug|x86.Build.0 = Debug|Win32
		{3799F090-0E95-4CEB-BC7B-E7E709A1EAD5}.Release|x64.ActiveCfg = Release|x64
		{3799F090-0E95-4CEB-BC7B-E7E709A1EAD5}.Release|x64.Build.0 = Release|x64
		{3799F090-0E95-4CEB-BC7B-E7E709A1EAD5}.Release|x86.ActiveCfg = Release|Win32
		{3799F090-0E95-4CEB-BC7B-E7E709A1EAD5}.Release|x86.Build.0 = Release|Win32
		{2AE61002-E779-47B6-B5F9-4610EBE9B11B}.Debug|x64.ActiveCfg = Debug|x64
		{2AE61002-E779-47B6-B5F9-4610EBE9B11B}.Debug|x64.Build.0 = Debug|x64
		{2AE61002-E779-47B6-B5F9-4610EBE9B11B}.Debug|x86.ActiveCfg = Debug|Win32
		{2AE61002-E779-47B6-B5F9-4610EBE9B11B}.Debug|x86.Build.0 = Debug|Win32
		{2AE61002-E779-47B6-B5F9-4610EBE9B11B}.Release|x64.ActiveCfg = Release|x64
		{2AE61002-E779-47B6-B5F9-4610EBE9B11B}.Release|x64.Build.0 = Release|x64
		{2AE61002-E779-47B6-B5F9-4610EBE9B11B}.Release|x86.ActiveCfg = Release|Win32
		{2AE61002-E779-47B6-B5F9-4610EBE9B11B}.Release|x86.Build.0 = Release|Win32
		{5C7E96A2-AF46-4F35-942E-6487E72363AE}.Debug|x64.ActiveCfg = Debug|x64
		{5C7E96A2-AF46-4F35-942E-6487E72363AE}.Debug|x64.Build.0 = Debug|x64
		{5C7E96A2-AF46-4F35-942E-6487E72363AE}.Debug|x86.ActiveCfg = Debug|Win32
		{5C7E96A2-AF46-4F35-942E-6487E72363AE}.Debug|x86.Build.0 = Debug|Win32
		{5C7E96A2-AF46-4F35-942E-6487E72363AE}.Release|x64.ActiveCfg = Release|x64
		{5C7E96A2-AF46-4F35-942E-6487E72363AE}.Release|x64.Build.0 = Release|x64
		{5C7E96A2-AF46-4F35-942E-6487E72363AE}.Release|x86.ActiveCfg = Release|Win32
		{5C7E96A2-AF46-4F35-942E-6487E72363AE}.Release|x86.Build.0 = Release|Win32
		{445A5874-EB8A-4473-BBA0-29EAE04BEEE6}.Debug|x64.ActiveCfg = Debug|x64
		{445A5874-EB8A-4473-BBA0-29EAE04BEEE6}.Debug|x64.Build.0 = Debug|x64
		{445A5874-EB8A-4473-BBA0-29EAE04BEEE6}.Debug|x86.ActiveCfg = Debug|Win32
		{445A5874-EB8A-4473-BBA0-29EAE04BEEE6}.Debug|x86.Build.0 = Debug|Win32
		{445A5874-EB8A-4473-BBA0-29EAE04BEEE6}.Release|x64.ActiveCfg = Release|x64
		{445A5874-EB8A-4473-BBA0-29EAE04BEEE6}.Release|x64.Build.0 = Release|x64
		{445A5874-EB8A-4473-BBA0-29EAE04BEEE6}.Release|x86.ActiveCfg = Release|Win32
		{445A5874-EB8A-4473-BBA0-29EAE04BEEE6}.Release|x86.Build.0 = Release|Win32
		{8A8BA84B-86FE-45E3-8D19-CAD83064C327}.Debug|x64.ActiveCfg = Debug|x64
		{8A8BA84B-86FE-45E3-8D19-CAD83064C327}.Debug|x64.Build.0 = Debug|x64
		{8A8BA84B-86FE-45E3-8D19-CAD83064C327}.Debug|x86.ActiveCfg = Debug|Win32
		{8A8BA84B-86FE-45E3-8D19-CAD83064C327}.Debug|x86.Build.0 = Debug|Win32
		{8A8BA84B-86FE-45E3-8D19-CAD83064C327}.Release|x64.ActiveCfg = Release|x64
		{8A8BA84B-86FE-45E3-8D19-CAD83064C327}.Release|x64.Build.0 = Release|x64
		{8A8BA84B-86FE-45E3-8D19-CAD83064C327}.Release|x86.ActiveCfg = Release|Win32
		{8A8BA84B-86FE-45E3-8D19-CAD83064C327}.Release|x86.Build.0 = Release|Win32
		{C198AB53-62FA-4CBA-9428-434CAA2B1F32}.Debug|x64.ActiveCfg = Debug|x64
		{C198AB53-62FA-4CBA-9428-434CAA2B1F32}.Debug|x64.Build.0 = Debug|x64
		{C198AB53-62FA-4CBA-9428-434CAA2B1F32}.Debug|x86.ActiveCfg = Debug|Win32
		{C198AB53-62FA-4CBA-9428-434CAA2B1F32}.Debug|x86.Build.0 = Debug|Win32
		{C198AB53-62FA-4CBA-9428-434CAA2B1F32}.Release|x64.ActiveCfg = Release|x64
		{C198AB53-62FA-4CBA-9428-434CAA2B1F32}.Release|x64.Build.0 = Release|x64
		{C198AB53-62FA-4CBA-9428-434CAA2B1F32}.Release|x86.ActiveCfg = Release|Win32
		{C198AB53-62FA-4CBA-9428-434CAA2B1F32}.Release|x86.Build.0 = Release|Win32
		{630C07F9-8BB0-4FC9-91EE-9A26218F8F12}.Debug|x64.ActiveCfg = Debug|x64
		{630C07F9-8BB0-4FC9-91EE-9A26218F8F12}.Debug|x64.Build.0 = Debug|x64
		{630C07F9-8BB0-4FC9-91EE-9A26218F8F12}.Debug|x86.ActiveCfg = Debug|Win32
		{630C07F9-8BB0-4FC9-91EE-9A26218F8F12}.Debug|x86.Build.0 = Debug|Win32
		{630C07F9-8BB0-4FC9-91EE-9A26218F8F12}.Release|x64.ActiveCfg = Release|x64
		{630C07F9-8BB0-4FC9-91EE-9A26218F8F12}.Release|x64.Build.0 = Release|x64
		{630C07F9-8BB0-4FC9-91EE-9A26218F8F12}.Release|x86.ActiveCfg = Release|Win32
		{630C07F9-8BB0-4FC9-91EE-9A26218F8F12}.Release|x86.Build.0 = Release|Win32
		{AF77ADEF-7051-49AC-B29C-19CC861CA22A}.Debug|x64.ActiveCfg = Debug|x64
		{AF77ADEF-7051-49AC-B29C-19CC861CA22A}.Debug|x64.Build.0 = Debug|x64
		{AF77ADEF-7051-49AC-B29C-19CC861CA22A}.Debug|x86.ActiveCfg = Debug|Win32
		{AF77ADEF-7051-49AC-B29C-19CC861CA22A}.Debug|x86.Build.0 = Debug|Win32
		{AF77ADEF-7051-49AC-B29C-19CC861CA22A}.Release|x64.ActiveCfg = Release|x64
		{AF77ADEF-7051-49AC-B29C-19CC861CA22A}.Release|x64.Build.0 = Release|x64
		{AF77ADEF-7051-49AC-B29C-19CC861CA22A}.Release|x86.ActiveCfg = Release|Win32
		{AF77ADEF-7051-49AC-B29C-19CC861CA22A}.Release|x86.Build.0 = Release|Win32
		{1E0E1368-4F3F-49F7-B607-81A1D9B87AC0}.Debug|x64.ActiveCfg = Debug|x64
		{1E0E1368-4F3F-49F7-B607-81A1D9B87AC0}.Debug|x64.Build.0 = Debug|x64
		{1E0E1368-4F3F-49F7-B607-81A1D9B87AC0}.Debug|x86.ActiveCfg = Debug|Win32
		{1E0E1368-4F3F-49F7-B607-81A1D9B87AC0}.Debug|x86.Build.0 = Debug|Win32
		{1E0E1368-4F3F-49F7-B607-81A1D9B87AC0}.Release|x64.ActiveCfg = Release|x64
		{1E0E1368-4F3F-49F7-B607-81A1D9B87AC0}.Release|x64.Build.0 = Release|x64
		{1E0E1368-4F3F-49F7-B607-81A1D9B87AC0}.Release|x86.ActiveCfg = Release|Win32
		{1E0E1368-4F3F-49F7-B607-81A1D9B87AC0}.Release|x86.Build.0 = Release|Win32
		{8F0090D4-BC8A-408C-86B0-DDFBC9AE02C8}.Debug|x64.ActiveCfg = Debug|x64
		{8F0090D4-BC8A-408C-86B0-DDFBC9AE02C8}.Debug|x64.Build.0 = Debug|x64
		{8F0090D4-BC8A-408C-86B0-DDFBC9AE02C8}.Debug|x86.ActiveCfg = Debug|Win32
		{8F0090D4-BC8A-408C-86B0-DDFBC9AE02C8}.Debug|x86.Build.0 = Debug|Win32
		{8F0090D4-BC8A-408C-86B0-DDFBC9AE02C8}.Release|x64.ActiveCfg = Release|x64
		{8F0090D4-BC8A-408C-86B0-DDFBC9AE02C8}.Release|x64.Build.0 = Release|x64
		{8F0090D4-BC8A-408C-86B0-DDFBC9AE02C8}.Release|x86.ActiveCfg = Release|Win32
		{8F0090D4-BC8A-408C-86B0-DDFBC9AE02C8}.Release|x86.Build.0 = Release|Win32
		{86674011-249A-4C3E-80E6-7D0755D7F778}.Debug|x64.ActiveCfg = Debug|x64
		{86674011-249A-4C3E-80E6-7D0755D7F778}.Debug|x64.Build.0 = Debug|x64
		{86674011-249A-4C3E-80E6-7D0755D7F778}.Debug|x86.ActiveCfg = Debug|Win32
		{86674011-249A-4C3E-80E6-7D0755D7F778}.Debug|x86.Build.0 = Debug|Win32
		{86674011-249A-4C3E-80E6-7D0755D7F778}.Release|x64.ActiveCfg = Release|x64
		{86674011-249A-4C3E-80E6-7D0755D7F778}.Release|x64.Build.0 = Release|x64
		{86674011-249A-4C3E-80E6-7D0755D7F778}.Release|x86.ActiveCfg = Release|Win32
		{86674011-249A-4C3E-80E6-7D0755D7F778}.Release|x86.Build.0 = Release|Win32
		{A60B38AD-EB33-484C-BE4E-2A63C31FFFD1}.Debug|x64.ActiveCfg = Debug|x64
		{A60B38AD-EB33-484C-BE4E-2A63C31FFFD1}.Debug|x64.Build.0 = Debug|x64
		{A60B38AD-EB33-484C-BE4E-2A63C31FFFD1}.Debug|x86.ActiveCfg = Debug|Win32
		{A60B38AD-EB33-484C-BE4E-2A63C31FFFD1}.Debug|x86.Build.0 = Debug|Win32
		{A60B38AD-EB33-484C-BE4E-2A63C31FFFD1}.Release|x64.ActiveCfg = Release|x64
		{A60B38AD-EB33-484C-BE4E-2A63C31FFFD1}.Release|x64.Build.0 = Release|x64
		{A60B38AD-EB33-484C-BE4E-2A63C31FFFD1}.Release|x86.ActiveCfg = Release|Win32
		{A60B38AD-EB33-484C-BE4E-2A63C31FFFD1}.Release|x86.Build.0 = Release|Win32
		{8211BE9D-29DF-47F3-8E20-941D89EF981B}.Debug|x64.ActiveCfg = Debug|x64
		{8211BE9D-29DF-47F3-8E20-941D89EF981B}.Debug|x64.Build.0 = Debug|x64
		{8211BE9D-29DF-47F3-8E20-941D89EF981B}.Debug|x86.ActiveCfg = Debug|Win32
		{8211BE9D-29DF-47F3-8E20-941D89EF981B}.Debug|x86.Build.0 = Debug|Win32
		{8211BE9D-29DF-47F3-8E20-941D89EF981B}.Release|x64.ActiveCfg = Release|x64
		{8211BE9D-29DF-47F3-8E20-941D89EF981B}.Release|x64.Build.0 = Release|x64
		{8211BE9D-29DF-47F3-8E20-941D89EF981B}.Release|x86.ActiveCfg = Release|Win32
		{8211BE9D-29DF-47F3-8E20-941D89EF981B}.Release|x86.Build.0 = Release|Win32
		{64508FD4-7328-460C-B98F-2069E39D10DB}.Debug|x64.ActiveCfg = Debug|x64
		{64508FD4-7328-460C-B98F-2069E39D10DB}.Debug|x64.Build.0 = Debug|x64
		{64508FD4-7328-460C-B98F-2069E39D10DB}.Debug|x86.ActiveCfg = Debug|Win32
		{64508FD4-7328-460C-B98F-2069E39D10DB}.Debug|x86.Build.0 = Debug|Win32
		{64508FD4-7328-460C-B98F-2069E39D10DB}.Release|x64.ActiveCfg = Release|x64
		{64508FD4-7328-460C-B98F-2069E39D10DB}.Release|x64.Build.0 = Release|x64
		{64508FD4-7328-460C-B98F-2069E39D10DB}.Release|x86.ActiveCfg = Release|Win32
		{64508FD4-7328-460C-B98F-2069E39D10DB}.Release|x86.Build.0 = Release|Win32
		{E4F924AF-6759-476A-B684-FAEBDF268211}.Debug|x64.ActiveCfg = Debug|x64
		{E4F924AF-6759-476A-B684-FAEBDF268211}.Debug|x64.Build.0 = Debug|x64
		{E4F924AF-6759-476A-B684-FAEBDF268211}.Debug|x86.ActiveCfg = Debug|Win32
		{E4F924AF-6759-476A-B684-FAEBDF268211}.Debug|x86.Build.0 = Debug|Win32
		{E4F924AF-6759-476A-B684-FAEBDF268211}.Release|x64.ActiveCfg = Release|x64
		{E4F924AF-6759-476A-B684-FAEBDF268211}.Release|x64.Build.0 = Release|x64
		{E4F924AF-6759-476A-B684-FAEBDF268211}.Release|x86.ActiveCfg = Release|Win32
		{E4F924AF-6759-476A-B684-FAEBDF268211}.Release|x86.Build.0 = Release|Win32
		{240C5860-7B13-44A1-BFBB-146C0896469E}.Debug|x64.ActiveCfg = Debug|x64
		{240C5860-7B13-44A1-BFBB-146C0896469E}.Debug|x64.Build.0 = Debug|x64
		{240C5860-7B13-44A1-BFBB-146C0896469E}.Debug|x86.ActiveCfg = Debug|Win32
		{240C5860-7B13-44A1-BFBB-146C0896469E}.Debug|x86.Build.0 = Debug|Win32
		{240C5860-7B13-44A1-BFBB-146C0896469E}.Release|x64.ActiveCfg = Release|x64
		{240C5860-7B13-44A1-BFBB-146C0896469E}.Release|x64.Build.0 = Release|x64
		{240C5860-7B13-44A1-BFBB-146C0896469E}.Release|x86.ActiveCfg = Release|Win32
		{240C5860-7B13-44A1-BFBB-146C0896469E}.Release|x86.Build.0 = Release|Win32
		{FA019067-B702-4A74-80B6-D53EAA303867}.Debug|x64.ActiveCfg = Debug|x64
		{FA019067-B702-4A74-80B6-D53EAA303867}.Debug|x64.Build.0 = Debug|x64
		{FA019067-B702-4A74-80B6-D53EAA303867}.Debug|x86.ActiveCfg = Debug|Win32
		{FA019067-B702-4A74-80B6-D53EAA303867}.Debug|x86.Build.0 = Debug|Win32
		{FA019067-B702-4A74-80B6-D53EAA303867}.Release|x64.ActiveCfg = Release|x64
		{FA019067-B702-4A74-80B6-D53EAA303867}.Release|x64.Build.0 = Release|x64
		{FA019067-B702-4A74-80B6-D53EAA303867}.Release|x86.ActiveCfg = Release|Win32
		{FA019067-B702-4A74-80B6-D53EAA303867}.Release|x86.Build.0 = Release|Win32
		{B694B805-75FC-4A59-9E34-4BB82E31ACED}.Debug|x64.ActiveCfg = Debug|x64
		{B694B805-75FC-4A59-9E34-4BB82E31ACED}.Debug|x64.Build.0 = Debug|x64
		{B694B805-75FC-4A59-9E34-4BB82E31ACED}.Debug|x86.ActiveCfg = Debug|Win32
		{B694B805-75FC-4A59-9E34-4BB82E31ACED}.Debug|x86.Build.0 = Debug|Win32
		{B694B805-75FC-4A59-9E34-4BB82E31ACED}.Release|x64.ActiveCfg = Release|x64
		{B694B805-75FC-4A59-9E34-4BB82E31ACED}.Release|x64.Build.0 = Release|x64
		{B694B805-75FC-4A59-9E34-4BB82E31ACED}.Release|x86.ActiveCfg = Release|Win32
		{B694B805-75FC-4A59-9E34-4BB82E31ACED}.Release|x86.Build.0 = Release|Win32
		{2CE678E4-0603-4AD1-80F0-BE2E559190C0}.Debug|x64.ActiveCfg = Debug|x64
		{2CE678E4-0603-4AD1-80F0-BE2E559190C0}.Debug|x64.Build.0 = Debug|x64
		{2CE678E4-0603-4AD1-80F0-BE2E559190C0}.Debug|x86.ActiveCfg = Debug|Win32
		{2CE678E4-0603-4AD1-80F0-BE2E559190C0}.Debug|x86.Build.0 = Debug|Win32
		{2CE678E4-0603-4AD1-80F0-BE2E559190C0}.Release|x64.ActiveCfg = Release|x64
		{2CE678E4-0603-4AD1-80F0-BE2E559190C0}.Release|x64.Build.0 = Release|x64
		{2CE678E4-0603-4AD1-80F0-BE2E559190C0}.Release|x86.ActiveCfg = Release|Win32
		{2CE678E4-0603-4AD1-80F0-BE2E559190C0}.Release|x86.Build.0 = Release|Win32
		{9FD7DE3B-FD92-4DBE-9AE7-5BB12B8C4ED2}.Debug|x64.ActiveCfg = Debug|x64
		{9FD7DE3B-FD92-4DBE-9AE7-5BB12B8C4ED2}.Debug|x64.Build.0 = Debug|x64
		{9FD7DE3B-FD92-4DBE-9AE7-5BB12B8C4ED2}.Debug|x86.ActiveCfg = Debug|Win32
		{9FD7DE3B-FD92-4DBE-9AE7-5BB12B8C4ED2}.Debug|x86.Build.0 = Debug|Win32
		{9FD7DE3B-FD92-4DBE-9AE7-5BB12B8C4ED2}.Release|x64.ActiveCfg = Release|x64
		{9FD7DE3B-FD92-4DBE-9AE7-5BB12B8C4ED2}.Release|x64.Build.0 = Release|x64
		{9FD7DE3B-FD92-4DBE-9AE7-5BB12B8C4ED2}.Release|x86.ActiveCfg = Release|Win32
		{9FD7DE3B-FD92-4DBE-9AE7-5BB12B8C4ED2}.Release|x86.Build.0 = Release|Win32
		{1D7CB008-0485-464C-95E3-3E08F9760E82}.Debug|x64.ActiveCfg = Debug|x64
		{1D7CB008-0485-464C-95E3-3E08F9760E82}.Debug|x64.Build.0 = Debug|x64
		{1D7CB008-0485-464C-95E3-3E08F9760E82}.Debug|x86.ActiveCfg = Debug|Win32
		{1D7CB008-0485-464C-95E3-3E08F9760E82}.Debug|x86.Build.0 = Debug|Win32
		{1D7CB008-0485-464C-95E3-3E08F9760E82}.Release|x64.ActiveCfg = Release|x64
		{1D7CB008-0485-464C-95E3-3E08F9760E82}.Release|x64.Build.0 = Release|x64
		{1D7CB008-0485-464C-95E3-3E08F9760E82}.Release|x86.ActiveCfg = Release|Win32
		{1D7CB008-0485-464C-95E3-3E08F9760E82}.Release|x86.Build.0 = Release|Win32
		{28E26F17-1C09-4DC6-B106-BBF0D62418AF}.Debug|x64.ActiveCfg = Debug|x64
		{28E26F17-1C09-4DC6-B106-BBF0D62418AF}.Debug|x64.Build.0 = Debug|x64
		{28E26F17-1C09-4DC6-B106-BBF0D62418AF}.Debug|x86.ActiveCfg = Debug|Win32
		{28E26F17-1C09-4DC6-B106-BBF0D62418AF}.Debug|x86.Build.0 = Debug|Win32
		{28E26F17-1C09-4DC6-B106-BBF0D62418AF}.Release|x64.ActiveCfg = Release|x64
		{28E26F17-1C09-4DC6-B106-BBF0D62418AF}.Release|x64.Build.0 = Release|x64
		{28E26F17-1C09-4DC6-B106-BBF0D62418AF}.Release|x86.ActiveCfg = Release|Win32
		{28E26F17-1C09-4DC6-B106-BBF0D62418AF}.Release|x86.Build.0 = Release|Win32
		{DE78C1F0-2373-4417-8623-1B8EE907CB4A}.Debug|x64.ActiveCfg = Debug|x64
		{DE78C1F0-2373-4417-8623-1B8EE907CB4A}.Debug|x64.Build.0 = Debug|x64
		{DE78C1F0-2373-4417-8623-1B8EE907CB4A}.Debug|x86.ActiveCfg = Debug|Win32
		{DE78C1F0-2373-4417-8623-1B8EE907CB4A}.Debug|x86.Build.0 = Debug|Win32
		{DE78C1F0-2373-4417-8623-1B8EE907CB4A}.Release|x64.ActiveCfg = Release|x64
		{DE78C1F0-2373-4417-8623-1B8EE907CB4A}.Release|x64.Build.0 = Release|x64
		{DE78C1F0-2373-4417-8623-1B8EE907CB4A}.Release|x86.ActiveCfg = Release|Win32
		{DE78C1F0-2373-4417-8623-1B8EE907CB4A}.Release|x86.Build.0 = Release|Win32
		{16E8B3D2-CAEF-41C1-A720-8D9CBF4B1C1A}.Debug|x64.ActiveCfg = Debug|x64
		{16E8B3D2-CAEF-41C1-A720-8D9CBF4B1C1A}.Debug|x64.Build.0 = Debug|x64
		{16E8B3D2-CAEF-41C1-A720-8D9CBF4B1C1A}.Debug|x86.ActiveCfg = Debug|Win32
		{16E8B3D2-CAEF-41C1-A720-8D9CBF4B1C1A}.Debug|x86.Build.0 = Debug|Win32
		{16E8B3D2-CAEF-41C1-A720-8D9CBF4B1C1A}.Release|x64.ActiveCfg = Release|x64
		{16E8B3D2-CAEF-41C1-A720-8D9CBF4B1C1A}.Release|x64.Build.0 = Release|x64
		{16E8B3D2-CAEF-41C1-A720-8D9CBF4B1C1A}.Release|x86.ActiveCfg = Release|Win32
		{16E8B3D2-CAEF-41C1-A720-8D9CBF4B1C1A}.Release|x86.Build.0 = Release|Win32
		{0943AA55-028A-42C7-8D76-E750464F6AAD}.Debug|x64.ActiveCfg = Debug|x64
		{0943AA55-028A-42C7-8D76-E750464F6AAD}.Debug|x64.Build.0 = Debug|x64
		{0943AA55-028A-42C7-8D76-E750464F6AAD}.Debug|x86.ActiveCfg = Debug|Win32
		{0943AA55-028A-42C7-8D76-E750464F6AAD}.Debug|x86.Build.0 = Debug|Win32
		{0943AA55-028A-42C7-8D76-E750464F6AAD}.Release|x64.ActiveCfg = Release|x64
		{0943AA55-028A-42C7-8D76-E750464F6AAD}.Release|x64.Build.0 = Release|x64
		{0943AA55-028A-42C7-8D76-E750464F6AAD}.Release|x86.ActiveCfg = Release|Win32
		{0943AA55-028A-42C7-8D76-E750464F6AAD}.Release|x86.Build.0 = Release|Win32
		{2C3F97D1-440A-4E91-B925-1A2E883A30E8}.Debug|x64.ActiveCfg = Debug|x64
		{2C3F97D1-440A-4E91-B925-1A2E883A30E8}.Debug|x64.Build.0 = Debug|x64
		{2C3F97D1-440A-4E91-B925-1A2E883A30E8}.Debug|x86.ActiveCfg = Debug|Win32
		{2C3F97D1-440A-4E91-B925-1A2E883A30E8}.Debug|x86.Build.0 = Debug|Win32
		{2C3F97D1-440A-4E91-B925-1A2E883A30E8}.Release|x64.ActiveCfg = Release|x64
		{2C3F97D1-440A-4E91-B925-1A2E883A30E8}.Release|x64.Build.0 = Release|x64
		{2C3F97D1-440A-4E91-B925-1A2E883A30E8}.Release|x86.ActiveCfg = Release|Win32
		{2C3F97D1-440A-4E91-B925-1A2E883A30E8}.Release|x86.Build.0 = Release|Win32
		{01896D52-FF49-4589-96A5-7D34446A7923}.Debug|x64.ActiveCfg = Debug|x64
		{01896D52-FF49-4589-96A5-7D34446A7923}.Debug|x64.Build.0 = Debug|x64
		{01896D52-FF49-4589-96A5-7D34446A7923}.Debug|x86.ActiveCfg = Debug|Win32
		{01896D52-FF49-4589-96A5-7D34446A7923}.Debug|x86.Build.0 = Debug|Win32
		{01896D52-FF49-4589-96A5-7D34446A7923}.Release|x64.ActiveCfg = Release|x64
		{01896D52-FF49-4589-96A5-7D34446A7923}.Release|x64.Build.0 = Release|x64
		{01896D52-FF49-4589-96A5-7D34446A7923}.Release|x86.ActiveCfg = Release|Win32
		{01896D52-FF49-4589-96A5-7D34446A7923}.Release|x86.Build.0 = Release|Win32
		{808E3E0B-66C6-43E7-BB69-11BDFDFA5DEE}.Debug|x64.ActiveCfg = Debug|x64
		{808E3E0B-66C6-43E7-BB69-11BDFDFA5DEE}.Debug|x64.Build.0 = Debug|x64
		{808E3E0B-66C6-43E7-BB69-11BDFDFA5DEE}.Debug|x86.ActiveCfg = Debug|Win32
		{808E3E0B-66C6-43E7-BB69-11BDFDFA5DEE}.Debug|x86.Build.0 = Debug|Win32
		{808E3E0B-66C6-43E7-BB69-11BDFDFA5DEE}.Release|x64.ActiveCfg = Release|x64
		{808E3E0B-66C6-43E7-BB69-11BDFDFA5DEE}.Release|x64.Build.0 = Release|x64
		{808E3E0B-66C6-43E7-BB69-11BDFDFA5DEE}.Release|x86.ActiveCfg = Release|Win32
		{808E3E0B-66C6-43E7-BB69-11BDFDFA5DEE}.Release|x86.Build.0 = Release|Win32
		{852F29CC-5B98-4FCC-A21C-A99A973A1896}.Debug|x64.ActiveCfg = Debug|x64
		{852F29CC-5B98-4FCC-A21C-A99A973A1896}.Debug|x64.Build.0 = Debug|x64
		{852F29CC-5B98-4FCC-A21C-A99A973A1896}.Debug|x86.ActiveCfg = Debug|Win32
		{852F29CC-5B98-4FCC-A21C-A99A973A1896}.Debug|x86.Build.0 = Debug|Win32
		{852F29CC-5B98-4FCC-A21C-A99A973A1896}.Release|x64.ActiveCfg = Release|x64
		{852F29CC-5B98-4FCC-A21C-A99A973A1896}.Release|x64.Build.0 = Release|x64
		{852F29CC-5B98-4FCC-A21C-A99A973A1896}.Release|x86.ActiveCfg = Release|Win32
		{852F29CC-5B98-4FCC-A21C-A99A973A1896}.Release|x86.Build.0 = Release|Win32
		{5211681D-FF4C-4C02-A45D-35224C650FD6}.Debug|x64.ActiveCfg = Debug|x64
		{5211681D-FF4C-4C02-A45D-35224C650FD6}.Debug|x64.Build.0 = Debug|x64
		{5211681D-FF4C-4C02-A45D-35224C650FD6}.Debug|x86.ActiveCfg = Debug|Win32
		{5211681D-FF4C-4C02-A45D-35224C650FD6}.Debug|x86.Build.0 = Debug|Win32
		{5211681D-FF4C-4C02-A45D-35224C650FD6}.Release|x64.ActiveCfg = Release|x64
		{5211681D-FF4C-4C02-A45D-35224C650FD6}.Release|x64.Build.0 = Release|x64
		{5211681D-FF4C-4C02-A45D-35224C650FD6}.Release|x86.ActiveCfg = Release|Win32
		{5211681D-FF4C-4C02-A45D-35224C650FD6}.Release|x86.Build.0 = Release|Win32
		{1004CC79-A7EF-423F-8339-8FC9D0461453}.Debug|x64.ActiveCfg = Debug|x64
		{1004CC79-A7EF-423F-8339-8FC9D0461453}.Debug|x64.Build.0 = Debug|x64
		{1004CC79-A7EF-423F-8339-8FC9D0461453}.Debug|x86.ActiveCfg = Debug|Win32
		{1004CC79-A7EF-423F-8339-8FC9D0461453}.Debug|x86.Build.0 = Debug|Win32
		{1004CC79-A7EF-423F-8339-8FC9D0461453}.Release|x64.ActiveCfg = Release|x64
		{1004CC79-A7EF-423F-8339-8FC9D0461453}.Release|x64.Build.0 = Release|x64
		{1004CC79-A7EF-423F-8339-8FC9D0461453}.Release|x86.ActiveCfg = Release|Win32
		{1004CC79-A7EF-423F-8339-8FC9D0461453}.Release|x86.Build.0 = Release|Win32
		{515ABD1F-C705-408F-B331-743A60C202DC}.Debug|x64.ActiveCfg = Debug|x64
		{515ABD1F-C705-408F-B331-743A60C202DC}.Debug|x64.Build.0 = Debug|x64
		{515ABD1F-C705-408F-B331-743A60C202DC}.Debug|x86.ActiveCfg = Debug|Win32
		{515ABD1F-C705-408F-B331-743A60C202DC}.Debug|x86.Build.0 = Debug|Win32
		{515ABD1F-C705-408F-B331-743A60C202DC}.Release|x64.ActiveCfg = Release|x64
		{515ABD1F-C705-408F-B331-743A60C202DC}.Release|x64.Build.0 = Release|x64
		{515ABD1F-C705-408F-B331-743A60C202DC}.Release|x86.ActiveCfg = Release|Win32
		{515ABD1F-C705-408F-B331-743A60C202DC}.Release|x86.Build.0 = Release|Win32
		{18101063-244C-4334-8EE5-AD4C8B4496F7}.Debug|x64.ActiveCfg = Debug|x64
		{18101063-244C-4334-8EE5-AD4C8B4496F7}.Debug|x64.Build.0 = Debug|x64
		{18101063-244C-4334-8EE5-AD4C8B4496F7}.Debug|x86.ActiveCfg = Debug|Win32
		{18101063-244C-4334-8EE5-AD4C8B4496F7}.Debug|x86.Build.0 = Debug|Win32
		{18101063-244C-4334-8EE5-AD4C8B4496F7}.Release|x64.ActiveCfg = Release|x64
		{18101063-244C-4334-8EE5-AD4C8B4496F7}.Release|x64.Build.0 = Release|x64
		{18101063-244C-4334-8EE5-AD4C8B4496F7}.Release|x86.ActiveCfg = Release|Win32
		{18101063-244C-4334-8EE5-AD4C8B4496F7}.Release|x86.Build.0 = Release|Win32
		{F12D07C1-62E5-43C6-8573-FFD4FDBCC859}.Debug|x64.ActiveCfg = Debug|x64
		{F12D07C1-62E5-43C6-8573-FFD4FDBCC859}.Debug|x64.Build.0 = Debug|x64
		{F12D07C1-62E5-43C6-8573-FFD4FDBCC859}.Debug|x86.ActiveCfg = Debug|Win32
		{F12D07C1-62E5-43C6-8573-FFD4FDBCC859}.Debug|x86.Build.0 = Debug|Win32
		{F12D07C1-62E5-43C6-8573-FFD4FDBCC859}.Release|x64.ActiveCfg = Release|x64
		{F12D07C1-62E5-43C6-8573-FFD4FDBCC859}.Release|x64.Build.0 = Release|x64
		{F12D07C1-62E5-43C6-8573-FFD4FDBCC859}.Release|x86.ActiveCfg = Release|Win32
		{F12D07C1-62E5-43C6-8573-FFD4FDBCC859}.Release|x86.Build.0 = Release|Win32
		{D2E108DE-5928-451A-B1E3-77F88913E887}.Debug|x64.ActiveCfg = Debug|x64
		{D2E108DE-5928-451A-B1E3-77F88913E887}.Debug|x64.Build.0 = Debug|x64
		{D2E108DE-5928-451A-B1E3-77F88913E887}.Debug|x86.ActiveCfg = Debug|Win32
		{D2E108DE-5928-451A-B1E3-77F88913E887}.Debug|x86.Build.0 = Debug|Win32
		{D2E108DE-5928-451A-B1E3-77F88913E887}.Release|x64.ActiveCfg = Release|x64
		{D2E108DE-5928-451A-B1E3-77F88913E887}.Release|x64.Build.0 = Release|x64
		{D2E108DE-5928-451A-B1E3-77F88913E887}.Release|x86.ActiveCfg = Release|Win32
		{D2E108DE-5928-451A-B1E3-77F88913E887}.Release|x86.Build.0 = Release|Win32
		{67FA99EB-398E-4BA5-AFB6-5DA4669CD329}.Debug|x64.ActiveCfg = Debug|x64
		{67FA99EB-398E-4BA5-AFB6-5DA4669CD329}.Debug|x64.Build.0 = Debug|x64
		{67FA99EB-398E-4BA5-AFB6-5DA4669CD329}.Debug|x86.ActiveCfg = Debug|Win32
		{67FA99EB-398E-4BA5-AFB6-5DA4669CD329}.Debug|x86.Build.0 = Debug|Win32
		{67FA99EB-398E-4BA5-AFB6-5DA4669CD329}.Release|x64.ActiveCfg = Release|x64
		{67FA99EB-398E-4BA5-AFB6-5DA4669CD329}.Release|x64.Build.0 = Release|x64
		{67FA99EB-398E-4BA5-AFB6-5DA4669CD329}.Release|x86.ActiveCfg = Release|Win32
		{67FA99EB-398E-4BA5-AFB6-5DA4669CD329}.Release|x86.Build.0 = Release|Win32
		{5AAC2E98-B1CD-42C3-9133-0985BF890CCE}.Debug|x64.ActiveCfg = Debug|x64
		{5AAC2E98-B1CD-42C3-9133-0985BF890CCE}.Debug|x64.Build.0 = Debug|x64
		{5AAC2E98-B1CD-42C3-9133-0985BF890CCE}.Debug|x86.ActiveCfg = Debug|Win32
		{5AAC2E98-B1CD-42C3-9133-0985BF890CCE}.Debug|x86.Build.0 = Debug|Win32
		{5AAC2E98-B1CD-42C3-9133-0985BF890CCE}.Release|x64.ActiveCfg = Release|x64
		{5AAC2E98-B1CD-42C3-9133-0985BF890CCE}.Release|x64.Build.0 = Release|x64
		{5AAC2E98-B1CD-42C3-9133-0985BF890CCE}.Release|x86.ActiveCfg = Release|Win32
		{5AAC2E98-B1CD-42C3-9133-0985BF890CCE}.Release|x86.Build.0 = Release|Win32
		{CE658B5E-30BB-4A6B-9C41-E37724036412}.Debug|x64.ActiveCfg = Debug|x64
		{CE658B5E-30BB-4A6B-9C41-E37724036412}.Debug|x64.Build.0 = Debug|x64
		{CE658B5E-30BB-4A6B-9C41-E37724036412}.Debug|x86.ActiveCfg = Debug|Win32
		{CE658B5E-30BB-4A6B-9C41-E37724036412}.Debug|x86.Build.0 = Debug|Win32
		{CE658B5E-30BB-4A6B-9C41-E37724036412}.Release|x64.ActiveCfg = Release|x64
		{CE658B5E-30BB-4A6B-9C41-E37724036412}.Release|x64.Build.0 = Release|x64
		{CE658B5E-30BB-4A6B-9C41-E37724036412}.Release|x86.ActiveCfg = Release|Win32
		{CE658B5E-30BB-4A6B-9C41-E37724036412}.Release|x86.Build.0 = Release|Win32
		{BEE4503A-37AB-4E16-A2DF-61AC3763B8A4}.Debug|x64.ActiveCfg = Debug|x64
		{BEE4503A-37AB-4E16-A2DF-61AC3763B8A4}.Debug|x64.Build.0 = Debug|x64
		{BEE4503A-37AB-4E16-A2DF-61AC3763B8A4}.Debug|x86.ActiveCfg = Debug|Win32
		{BEE4503A-37AB-4E16-A2DF-61AC3763B8A4}.Debug|x86.Build.0 = Debug|Win32
		{BEE4503A-37AB-4E16-A2DF-61AC3763B8A4}.Release|x64.ActiveCfg = Release|x64
		{BEE4503A-37AB-4E16-A2DF-61AC3763B8A4}.Release|x64.Build.0 = Release|x64
		{BEE4503A-37AB-4E16-A2DF-61AC3763B8A4}.Release|x86.ActiveCfg = Release|Win32
		{BEE4503A-37AB-4E16-A2DF-61AC3763B8A4}.Release|x86.Build.0 = Release|Win32
		{B4DBC49F-D9AB-40E1-89C1-40713DD2F230}.Debug|x64.ActiveCfg = Debug|x64
		{B4DBC49F-D9AB-40E1-89C1-40713DD2F230}.Debug|x64.Build.0 = Debug|x64
		{B4DBC49F-D9AB-40E1-89C1-40713DD2F230}.Debug|x86.ActiveCfg = Debug|Win32
		{B4DBC49F-D9AB-40E1-89C1-40713DD2F230}.Debug|x86.Build.0 = Debug|Win32
		{B4DBC49F-D9AB-40E1-89C1-40713DD2F230}.Release|x64.ActiveCfg = Release|x64
		{B4DBC49F-D9AB-40E1-89C1-40713DD2F230}.Release|x64.Build.0 = Release|x64
		{B4DBC49F-D9AB-40E1-89C1-40713DD2F230}.Release|x86.ActiveCfg = Release|Win32
		{B4DBC49F-D9AB-40E1-89C1-40713DD2F230}.Release|x86.Build.0 = Release|Win32
		{A40B0F73-6701-425E-85D6-115A17CC83E0}.Debug|x64.ActiveCfg = Debug|x64
		{A40B0F73-6701-425E-85D6-115A17CC83E0}.Debug|x64.Build.0 = Debug|x64
		{A40B0F73-6701-425E-85D6-115A17CC83E0}.Debug|x86.ActiveCfg = Debug|Win32
		{A40B0F73-6701-425E-85D6-115A17CC83E0}.Debug|x86.Build.0 = Debug|Win32
		{A40B0F73-6701-425E-85D6-115A17CC83E0}.Release|x64.ActiveCfg = Release|x64
		{A40B0F73-6701-425E-85D6-115A17CC83E0}.Release|x64.Build.0 = Release|x64
		{A40B0F73-6701-425E-85D6-115A17CC83E0}.Release|x86.ActiveCfg = Release|Win32
		{A40B0F73-6701-425E-85D6-115A17CC83E0}.Release|x86.Build.0 = Release|Win32
		{E0F825E8-A7F3-4C34-A967-25CAF28995E0}.Debug|x64.ActiveCfg = Debug|x64
		{E0F825E8-A7F3-4C34-A967-25CAF28995E0}.Debug|x64.Build.0 = Debug|x64
		{E0F825E8-A7F3-4C34-A967-25CAF28995E0}.Debug|x86.ActiveCfg = Debug|Win32
		{E0F825E8-A7F3-4C34-A967-25CAF28995E0}.Debug|x86.Build.0 = Debug|Win32
		{E0F825E8-A7F3-4C34-A967-25CAF28995E0}.Release|x64.ActiveCfg = Release|x64
		{E0F825E8-A7F3-4C34-A967-25CAF28995E0}.Release|x64.Build.0 = Release|x64
		{E0F825E8-A7F3-4C34-A967-25CAF28995E0}.Release|x86.ActiveCfg = Release|Win32
		{E0F825E8-A7F3-4C34-A967-25CAF28995E0}.Release|x86.Build.0 = Release|Win32
		{B13FEF59-1D23-4DA1-A4CB-8071378D22A0}.Debug|x64.ActiveCfg = Debug|x64
		{B13FEF59-1D23-4DA1-A4CB-8071378D22A0}.Debug|x64.Build.0 = Debug|x64
		{B13FEF59-1D23-4DA1-A4CB-8071378D22A0}.Debug|x86.ActiveCfg = Debug|Win32
		{B13FEF59-1D23-4DA1-A4CB-8071378D22A0}.Debug|x86.Build.0 = Debug|Win32
		{B13FEF59-1D23-4DA1-A4CB-8071378D22A0}.Release|x64.ActiveCfg = Release|x64
		{B13FEF59-1D23-4DA1-A4CB-8071378D22A0}.Release|x64.Build.0 = Release|x64
		{B13FEF59-1D23-4DA1-A4CB-8071378D22A0}.Release|x86.ActiveCfg = Release|Win32
		{B13FEF59-1D23-4DA1-A4CB-8071378D22A0}.Release|x86.Build.0 = Release|Win32
		{2A841EFC-D6A3-4E02-BC00-3B6F7BA58680}.Debug|x64.ActiveCfg = Debug|x64
		{2A841EFC-D6A3-4E02-BC00-3B6F7BA58680}.Debug|x64.Build.0 = Debug|x64
		{2A841EFC-D6A3-4E02-BC00-3B6F7BA58680}.Debug|x86.ActiveCfg = Debug|Win32
		{2A841EFC-D6A3-4E02-BC00-3B6F7BA58680}.Debug|x86.Build.0 = Debug|Win32
		{2A841EFC-D6A3-4E02-BC00-3B6F7BA58680}.Release|x64.ActiveCfg = Release|x64
		{2A841EFC-D6A3-4E02-BC00-3B6F7BA58680}.Release|x64.Build.0 = Release|x64
		{2A841EFC-D6A3-4E02-BC00-3B6F7BA58680}.Release|x86.ActiveCfg = Release|Win32
		{2A841EFC-D6A3-4E02-BC00-3B6F7BA58680}.Release|x86.Build.0 = Release|Win32
		{147058E8-3D74-45DC-ACDF-184C886E5C30}.Debug|x64.ActiveCfg = Debug|x64
		{147058E8-3D74-45DC-ACDF-184C886E5C30}.Debug|x64.Build.0 = Debug|x64
		{147058E8-3D74-45DC-ACDF-184C886E5C30}.Debug|x86.ActiveCfg = Debug|Win32
		{147058E8-3D74-45DC-ACDF-184C886E5C30}.Debug|x86.Build.0 = Debug|Win32
		{147058E8-3D74-45DC-ACDF-184C886E5C30}.Release|x64.ActiveCfg = Release|x64
		{147058E8-3D74-45DC-ACDF-184C886E5C30}.Release|x64.Build.0 = Release|x64
		{147058E8-3D74-45DC-ACDF-184C886E5C30}.Release|x86.ActiveCfg = Release|Win32
		{147058E8-3D74-45DC-ACDF-184C886E5C30}.Release|x86.Build.0 = Release|Win32
		{EF245D80-09D0-41CE-B5E3-3F9E5D24D15C}.Debug|x64.ActiveCfg = Debug|x64
		{EF245D80-09D0-41CE-B5E3-3F9E5D24D15C}.Debug|x64.Build.0 = Debug|x64
		{EF245D80-09D0-41CE-B5E3-3F9E5D24D15C}.Debug|x86.ActiveCfg = Debug|Win32
		{EF245D80-09D0-41CE-B5E3-3F9E5D24D15C}.Debug|x86.Build.0 = Debug|Win32
		{EF245D80-09D0-41CE-B5E3-3F9E5D24D15C}.Release|x64.ActiveCfg = Release|x64
		{EF245D80-09D0-41CE-B5E3-3F9E5D24D15C}.Release|x64.Build.0 = Release|x64
		{EF245D80-09D0-41CE-B5E3-3F9E5D24D15C}.Release|x86.ActiveCfg = Release|Win32
		{EF245D80-09D0-41CE-B5E3-3F9E5D24D15C}.Release|x86.Build.0 = Release|Win32
		{24FBA420-6EE2-482D-9235-21FD77526521}.Debug|x64.ActiveCfg = Debug|x64
		{24FBA420-6EE2-482D-9235-21FD77526521}.Debug|x64.Build.0 = Debug|x64
		{24FBA420-6EE2-482D-9235-21FD77526521}.Debug|x86.ActiveCfg = Debug|Win32
		{24FBA420-6EE2-482D-9235-21FD77526521}.Debug|x86.Build.0 = Debug|Win32
		{24FBA420-6EE2-482D-9235-21FD77526521}.Release|x64.ActiveCfg = Release|x64
		{24FBA420-6EE2-482D-9235-21FD77526521}.Release|x64.Build.0 = Release|x64
		{24FBA420-6EE2-482D-9235-21FD77526521}.Release|x86.ActiveCfg = Release|Win32
		{24FBA420-6EE2-482D-9235-21FD77526521}.Release|x86.Build.0 = Release|Win32
		{ABA53E33-9522-4A18-BDB0-26A1BB9F86FE}.Debug|x64.ActiveCfg = Debug|x64
		{ABA53E33-9522-4A18-BDB0-26A1BB9F86FE}.Debug|x64.Build.0 = Debug|x64
		{ABA53E33-9522-4A18-BDB0-26A1BB9F86FE}.Debug|x86.ActiveCfg = Debug|Win32
		{ABA53E33-9522-4A18-BDB0-26A1BB9F86FE}.Debug|x86.Build.0 = Debug|Win32
		{ABA53E33-9522-4A18-BDB0-26A1BB9F86FE}.Release|x64.ActiveCfg = Release|x64
		{ABA53E33-9522-4A18-BDB0-26A1BB9F86FE}.Release|x64.Build.0 = Release|x64
		{ABA53E33-9522-4A18-BDB0-26A1BB9F86FE}.Release|x86.ActiveCfg = Release|Win32
		{ABA53E33-9522-4A18-BDB0-26A1BB9F86FE}.Release|x86.Build.0 = Release|Win32
		{3BDE2D8E-752E-42BE-8DBE-471D70292111}.Debug|x64.ActiveCfg = Debug|x64
		{3BDE2D8E-752E-42BE-8DBE-471D70292111}.Debug|x64.Build.0 = Debug|x64
		{3BDE2D8E-752E-42BE-8DBE-471D70292111}.Debug|x86.ActiveCfg = Debug|Win32
		{3BDE2D8E-752E-42BE-8DBE-471D70292111}.Debug|x86.Build.0 = Debug|Win32
		{3BDE2D8E-752E-42BE-8DBE-471D70292111}.Release|x64.ActiveCfg = Release|x64
		{3BDE2D8E-752E-42BE-8DBE-471D70292111}.Release|x64.Build.0 = Release|x64
		{3BDE2D8E-752E-42BE-8DBE-471D70292111}.Release|x86.ActiveCfg = Release|Win32
		{3BDE2D8E-752E-42BE-8DBE-471D70292111}.Release|x86.Build.0 = Release|Win32
		{B929CDF7-0C78-4DB6-BC9B-CD8F365FA283}.Debug|x64.ActiveCfg = Debug|x64
		{B929CDF7-0C78-4DB6-BC9B-CD8F365FA283}.Debug|x64.Build.0 = Debug|x64
		{B929CDF7-0C78-4DB6-BC9B-CD8F365FA283}.Debug|x86.ActiveCfg = Debug|Win32
		{B929CDF7-0C78-4DB6-BC9B-CD8F365FA283}.Debug|x86.Build.0 = Debug|Win32
		{B929CDF7-0C78-4DB6-BC9B-CD8F365FA283}.Release|x64.ActiveCfg = Release|x64
		{B929CDF7-0C78-4DB6-BC9B-CD8F365FA283}.Release|x64.Build.0 = Release|x64
		{B929CDF7-0C78-4DB6-BC9B-CD8F365FA283}.Release|x86.ActiveCfg = Release|Win32
		{B929CDF7-0C78-4DB6-BC9B-CD8F365FA283}.Release|x86.Build.0 = Release|Win32
		{2CA010B4-C76B-4E2B-B937-14CE594A3C61}.Debug|x64.ActiveCfg = Debug|x64
		{2CA010B4-C76B-4E2B-B937-14CE594A3C61}.Debug|x64.Build.0 = Debug|x64
		{2CA010B4-C76B-4E2B-B937-14CE594A3C61}.Debug|x86.ActiveCfg = Debug|Win32
		{2CA010B4-C76B-4E2B-B937-14CE594A3C61}.Debug|x86.Build.0 = Debug|Win32
		{2CA010B4-C76B-4E2B-B937-14CE594A3C61}.Release|x64.ActiveCfg = Release|x64
		{2CA010B4-C76B-4E2B-B937-14CE594A3C61}.Release|x64.Build.0 = Release|x64
		{2CA010B4-C76B-4E2B-B937-14CE594A3C61}.Release|x86.ActiveCfg = Release|Win32
		{2CA010B4-C76B-4E2B-B937-14CE594A3C61}.Release|x86.Build.0 = Release|Win32
		{618B7E8A-3B37-43F2-95E4-7AB417B2E4C1}.Debug|x64.ActiveCfg = Debug|x64
		{618B7E8A-3B37-43F2-95E4-7AB417B2E4C1}.Debug|x64.Build.0 = Debug|x64
		{618B7E8A-3B37-43F2-95E4-7AB417B2E4C1}.Debug|x86.ActiveCfg = Debug|Win32
		{618B7E8A-3B37-43F2-95E4-7AB417B2E4C1}.Debug|x86.Build.0 = Debug|Win32
		{618B7E8A-3B37-43F2-95E4-7AB417B2E4C1}.Release|x64.ActiveCfg = Release|x64
		{618B7E8A-3B37-43F2-95E4-7AB417B2E4C1}.Release|x64.Build.0 = Release|x64
		{618B7E8A-3B37-43F2-95E4-7AB417B2E4C1}.Release|x86.ActiveCfg = Release|Win32
		{618B7E8A-3B37-43F2-95E4-7AB417B2E4C1}.Release|x86.Build.0 = Release|Win32
		{DA263C25-D5F3-4EAB-8774-4FF35A300B6F}.Debug|x64.ActiveCfg = Debug|x64
		{DA263C25-D5F3-4EAB-8774-4FF35A300B6F}.Debug|x64.Build.0 = Debug|x64
		{DA263C25-D5F3-4EAB-8774-4FF35A300B6F}.Debug|x86.ActiveCfg = Debug|Win32
		{DA263C25-D5F3-4EAB-8774-4FF35A300B6F}.Debug|x86.Build.0 = Debug|Win32
		{DA263C25-D5F3-4EAB-8774-4FF35A300B6F}.Release|x64.ActiveCfg = Release|x64
		{DA263C25-D5F3-4EAB-8774-4FF35A300B6F}.Release|x64.Build.0 = Release|x64
		{DA263C25-D5F3-4EAB-8774-4FF35A300B6F}.Release|x86.ActiveCfg = Release|Win32
		{DA263C25-D5F3-4EAB-8774-4FF35A300B6F}.Release|x86.Build.0 = Release|Win32
	EndGlobalSection
	GlobalSection(SolutionProperties) = preSolution
		HideSolutionNode = FALSE
	EndGlobalSection
	GlobalSection(ExtensibilityGlobals) = postSolution
		SolutionGuid = {9703AEB9-D0F3-4ACA-B133-599615AB6E16}
	EndGlobalSection
EndGlobal
